// !$*UTF8*$!
{
	archiveVersion = 1;
	classes = {
	};
	objectVersion = 46;
	objects = {

/* Begin PBXBuildFile section */
		31A9FD641DADD74C0098C312 /* AppDelegate.swift in Sources */ = {isa = PBXBuildFile; fileRef = 31A9FD631DADD74C0098C312 /* AppDelegate.swift */; };
		31A9FD661DADD74C0098C312 /* ViewController.swift in Sources */ = {isa = PBXBuildFile; fileRef = 31A9FD651DADD74C0098C312 /* ViewController.swift */; };
		31A9FD691DADD74C0098C312 /* Main.storyboard in Resources */ = {isa = PBXBuildFile; fileRef = 31A9FD671DADD74C0098C312 /* Main.storyboard */; };
		31A9FD6B1DADD74C0098C312 /* Assets.xcassets in Resources */ = {isa = PBXBuildFile; fileRef = 31A9FD6A1DADD74C0098C312 /* Assets.xcassets */; };
		31A9FD6E1DADD74C0098C312 /* LaunchScreen.storyboard in Resources */ = {isa = PBXBuildFile; fileRef = 31A9FD6C1DADD74C0098C312 /* LaunchScreen.storyboard */; };
		31A9FD791DADD74C0098C312 /* GoogleDemoTests.swift in Sources */ = {isa = PBXBuildFile; fileRef = 31A9FD781DADD74C0098C312 /* GoogleDemoTests.swift */; };
		31A9FD841DADD74C0098C312 /* GoogleDemoUITests.swift in Sources */ = {isa = PBXBuildFile; fileRef = 31A9FD831DADD74C0098C312 /* GoogleDemoUITests.swift */; };
		31A9FD931DADE6D70098C312 /* SettingsViewController.swift in Sources */ = {isa = PBXBuildFile; fileRef = 31A9FD921DADE6D70098C312 /* SettingsViewController.swift */; };
		31A9FD971DADED0A0098C312 /* DetailsViewController.swift in Sources */ = {isa = PBXBuildFile; fileRef = 31A9FD961DADED0A0098C312 /* DetailsViewController.swift */; };
/* End PBXBuildFile section */

/* Begin PBXContainerItemProxy section */
		31A9FD751DADD74C0098C312 /* PBXContainerItemProxy */ = {
			isa = PBXContainerItemProxy;
			containerPortal = 31A9FD581DADD74C0098C312 /* Project object */;
			proxyType = 1;
			remoteGlobalIDString = 31A9FD5F1DADD74C0098C312;
			remoteInfo = GoogleDemo;
		};
		31A9FD801DADD74C0098C312 /* PBXContainerItemProxy */ = {
			isa = PBXContainerItemProxy;
			containerPortal = 31A9FD581DADD74C0098C312 /* Project object */;
			proxyType = 1;
			remoteGlobalIDString = 31A9FD5F1DADD74C0098C312;
			remoteInfo = GoogleDemo;
		};
/* End PBXContainerItemProxy section */

/* Begin PBXFileReference section */
		31A9FD601DADD74C0098C312 /* GoogleDemo.app */ = {isa = PBXFileReference; explicitFileType = wrapper.application; includeInIndex = 0; path = GoogleDemo.app; sourceTree = BUILT_PRODUCTS_DIR; };
		31A9FD631DADD74C0098C312 /* AppDelegate.swift */ = {isa = PBXFileReference; lastKnownFileType = sourcecode.swift; path = AppDelegate.swift; sourceTree = "<group>"; };
		31A9FD651DADD74C0098C312 /* ViewController.swift */ = {isa = PBXFileReference; lastKnownFileType = sourcecode.swift; path = ViewController.swift; sourceTree = "<group>"; };
		31A9FD681DADD74C0098C312 /* Base */ = {isa = PBXFileReference; lastKnownFileType = file.storyboard; name = Base; path = Base.lproj/Main.storyboard; sourceTree = "<group>"; };
		31A9FD6A1DADD74C0098C312 /* Assets.xcassets */ = {isa = PBXFileReference; lastKnownFileType = folder.assetcatalog; path = Assets.xcassets; sourceTree = "<group>"; };
		31A9FD6D1DADD74C0098C312 /* Base */ = {isa = PBXFileReference; lastKnownFileType = file.storyboard; name = Base; path = Base.lproj/LaunchScreen.storyboard; sourceTree = "<group>"; };
		31A9FD6F1DADD74C0098C312 /* Info.plist */ = {isa = PBXFileReference; lastKnownFileType = text.plist.xml; path = Info.plist; sourceTree = "<group>"; };
		31A9FD741DADD74C0098C312 /* GoogleDemoTests.xctest */ = {isa = PBXFileReference; explicitFileType = wrapper.cfbundle; includeInIndex = 0; path = GoogleDemoTests.xctest; sourceTree = BUILT_PRODUCTS_DIR; };
		31A9FD781DADD74C0098C312 /* GoogleDemoTests.swift */ = {isa = PBXFileReference; lastKnownFileType = sourcecode.swift; path = GoogleDemoTests.swift; sourceTree = "<group>"; };
		31A9FD7A1DADD74C0098C312 /* Info.plist */ = {isa = PBXFileReference; lastKnownFileType = text.plist.xml; path = Info.plist; sourceTree = "<group>"; };
		31A9FD7F1DADD74C0098C312 /* GoogleDemoUITests.xctest */ = {isa = PBXFileReference; explicitFileType = wrapper.cfbundle; includeInIndex = 0; path = GoogleDemoUITests.xctest; sourceTree = BUILT_PRODUCTS_DIR; };
		31A9FD831DADD74C0098C312 /* GoogleDemoUITests.swift */ = {isa = PBXFileReference; lastKnownFileType = sourcecode.swift; path = GoogleDemoUITests.swift; sourceTree = "<group>"; };
		31A9FD851DADD74C0098C312 /* Info.plist */ = {isa = PBXFileReference; lastKnownFileType = text.plist.xml; path = Info.plist; sourceTree = "<group>"; };
		31A9FD921DADE6D70098C312 /* SettingsViewController.swift */ = {isa = PBXFileReference; fileEncoding = 4; lastKnownFileType = sourcecode.swift; path = SettingsViewController.swift; sourceTree = "<group>"; };
		31A9FD961DADED0A0098C312 /* DetailsViewController.swift */ = {isa = PBXFileReference; fileEncoding = 4; lastKnownFileType = sourcecode.swift; path = DetailsViewController.swift; sourceTree = "<group>"; };
/* End PBXFileReference section */

/* Begin PBXFrameworksBuildPhase section */
		31A9FD5D1DADD74C0098C312 /* Frameworks */ = {
			isa = PBXFrameworksBuildPhase;
			buildActionMask = 2147483647;
			files = (
			);
			runOnlyForDeploymentPostprocessing = 0;
		};
		31A9FD711DADD74C0098C312 /* Frameworks */ = {
			isa = PBXFrameworksBuildPhase;
			buildActionMask = 2147483647;
			files = (
			);
			runOnlyForDeploymentPostprocessing = 0;
		};
		31A9FD7C1DADD74C0098C312 /* Frameworks */ = {
			isa = PBXFrameworksBuildPhase;
			buildActionMask = 2147483647;
			files = (
			);
			runOnlyForDeploymentPostprocessing = 0;
		};
/* End PBXFrameworksBuildPhase section */

/* Begin PBXGroup section */
		31A9FD571DADD74C0098C312 = {
			isa = PBXGroup;
			children = (
				31A9FD621DADD74C0098C312 /* GoogleDemo */,
				31A9FD771DADD74C0098C312 /* GoogleDemoTests */,
				31A9FD821DADD74C0098C312 /* GoogleDemoUITests */,
				31A9FD611DADD74C0098C312 /* Products */,
			);
			sourceTree = "<group>";
		};
		31A9FD611DADD74C0098C312 /* Products */ = {
			isa = PBXGroup;
			children = (
				31A9FD601DADD74C0098C312 /* GoogleDemo.app */,
				31A9FD741DADD74C0098C312 /* GoogleDemoTests.xctest */,
				31A9FD7F1DADD74C0098C312 /* GoogleDemoUITests.xctest */,
			);
			name = Products;
			sourceTree = "<group>";
		};
		31A9FD621DADD74C0098C312 /* GoogleDemo */ = {
			isa = PBXGroup;
			children = (
				31A9FD631DADD74C0098C312 /* AppDelegate.swift */,
				31A9FD911DADE6230098C312 /* ViewControllers */,
				31A9FD651DADD74C0098C312 /* ViewController.swift */,
				31A9FD671DADD74C0098C312 /* Main.storyboard */,
				31A9FD6A1DADD74C0098C312 /* Assets.xcassets */,
				31A9FD6C1DADD74C0098C312 /* LaunchScreen.storyboard */,
				31A9FD6F1DADD74C0098C312 /* Info.plist */,
			);
			path = GoogleDemo;
			sourceTree = "<group>";
		};
		31A9FD771DADD74C0098C312 /* GoogleDemoTests */ = {
			isa = PBXGroup;
			children = (
				31A9FD781DADD74C0098C312 /* GoogleDemoTests.swift */,
				31A9FD7A1DADD74C0098C312 /* Info.plist */,
			);
			path = GoogleDemoTests;
			sourceTree = "<group>";
		};
		31A9FD821DADD74C0098C312 /* GoogleDemoUITests */ = {
			isa = PBXGroup;
			children = (
				31A9FD831DADD74C0098C312 /* GoogleDemoUITests.swift */,
				31A9FD851DADD74C0098C312 /* Info.plist */,
			);
			path = GoogleDemoUITests;
			sourceTree = "<group>";
		};
		31A9FD911DADE6230098C312 /* ViewControllers */ = {
			isa = PBXGroup;
			children = (
				31A9FD921DADE6D70098C312 /* SettingsViewController.swift */,
				31A9FD961DADED0A0098C312 /* DetailsViewController.swift */,
			);
			name = ViewControllers;
			sourceTree = "<group>";
		};
/* End PBXGroup section */

/* Begin PBXNativeTarget section */
		31A9FD5F1DADD74C0098C312 /* GoogleDemo */ = {
			isa = PBXNativeTarget;
			buildConfigurationList = 31A9FD881DADD74C0098C312 /* Build configuration list for PBXNativeTarget "GoogleDemo" */;
			buildPhases = (
				31A9FD5C1DADD74C0098C312 /* Sources */,
				31A9FD5D1DADD74C0098C312 /* Frameworks */,
				31A9FD5E1DADD74C0098C312 /* Resources */,
			);
			buildRules = (
			);
			dependencies = (
			);
			name = GoogleDemo;
			productName = GoogleDemo;
			productReference = 31A9FD601DADD74C0098C312 /* GoogleDemo.app */;
			productType = "com.apple.product-type.application";
		};
		31A9FD731DADD74C0098C312 /* GoogleDemoTests */ = {
			isa = PBXNativeTarget;
			buildConfigurationList = 31A9FD8B1DADD74C0098C312 /* Build configuration list for PBXNativeTarget "GoogleDemoTests" */;
			buildPhases = (
				31A9FD701DADD74C0098C312 /* Sources */,
				31A9FD711DADD74C0098C312 /* Frameworks */,
				31A9FD721DADD74C0098C312 /* Resources */,
			);
			buildRules = (
			);
			dependencies = (
				31A9FD761DADD74C0098C312 /* PBXTargetDependency */,
			);
			name = GoogleDemoTests;
			productName = GoogleDemoTests;
			productReference = 31A9FD741DADD74C0098C312 /* GoogleDemoTests.xctest */;
			productType = "com.apple.product-type.bundle.unit-test";
		};
		31A9FD7E1DADD74C0098C312 /* GoogleDemoUITests */ = {
			isa = PBXNativeTarget;
			buildConfigurationList = 31A9FD8E1DADD74C0098C312 /* Build configuration list for PBXNativeTarget "GoogleDemoUITests" */;
			buildPhases = (
				31A9FD7B1DADD74C0098C312 /* Sources */,
				31A9FD7C1DADD74C0098C312 /* Frameworks */,
				31A9FD7D1DADD74C0098C312 /* Resources */,
			);
			buildRules = (
			);
			dependencies = (
				31A9FD811DADD74C0098C312 /* PBXTargetDependency */,
			);
			name = GoogleDemoUITests;
			productName = GoogleDemoUITests;
			productReference = 31A9FD7F1DADD74C0098C312 /* GoogleDemoUITests.xctest */;
			productType = "com.apple.product-type.bundle.ui-testing";
		};
/* End PBXNativeTarget section */

/* Begin PBXProject section */
		31A9FD581DADD74C0098C312 /* Project object */ = {
			isa = PBXProject;
			attributes = {
				LastSwiftUpdateCheck = 0800;
				LastUpgradeCheck = 0800;
				ORGANIZATIONNAME = "Yang Yang";
				TargetAttributes = {
					31A9FD5F1DADD74C0098C312 = {
						CreatedOnToolsVersion = 8.0;
						ProvisioningStyle = Automatic;
					};
					31A9FD731DADD74C0098C312 = {
						CreatedOnToolsVersion = 8.0;
						ProvisioningStyle = Automatic;
						TestTargetID = 31A9FD5F1DADD74C0098C312;
					};
					31A9FD7E1DADD74C0098C312 = {
						CreatedOnToolsVersion = 8.0;
						ProvisioningStyle = Automatic;
						TestTargetID = 31A9FD5F1DADD74C0098C312;
					};
				};
			};
			buildConfigurationList = 31A9FD5B1DADD74C0098C312 /* Build configuration list for PBXProject "GoogleDemo" */;
			compatibilityVersion = "Xcode 3.2";
			developmentRegion = English;
			hasScannedForEncodings = 0;
			knownRegions = (
				en,
				Base,
			);
			mainGroup = 31A9FD571DADD74C0098C312;
			productRefGroup = 31A9FD611DADD74C0098C312 /* Products */;
			projectDirPath = "";
			projectRoot = "";
			targets = (
				31A9FD5F1DADD74C0098C312 /* GoogleDemo */,
				31A9FD731DADD74C0098C312 /* GoogleDemoTests */,
				31A9FD7E1DADD74C0098C312 /* GoogleDemoUITests */,
			);
		};
/* End PBXProject section */

/* Begin PBXResourcesBuildPhase section */
		31A9FD5E1DADD74C0098C312 /* Resources */ = {
			isa = PBXResourcesBuildPhase;
			buildActionMask = 2147483647;
			files = (
				31A9FD6E1DADD74C0098C312 /* LaunchScreen.storyboard in Resources */,
				31A9FD6B1DADD74C0098C312 /* Assets.xcassets in Resources */,
				31A9FD691DADD74C0098C312 /* Main.storyboard in Resources */,
			);
			runOnlyForDeploymentPostprocessing = 0;
		};
		31A9FD721DADD74C0098C312 /* Resources */ = {
			isa = PBXResourcesBuildPhase;
			buildActionMask = 2147483647;
			files = (
			);
			runOnlyForDeploymentPostprocessing = 0;
		};
		31A9FD7D1DADD74C0098C312 /* Resources */ = {
			isa = PBXResourcesBuildPhase;
			buildActionMask = 2147483647;
			files = (
			);
			runOnlyForDeploymentPostprocessing = 0;
		};
/* End PBXResourcesBuildPhase section */

/* Begin PBXSourcesBuildPhase section */
		31A9FD5C1DADD74C0098C312 /* Sources */ = {
			isa = PBXSourcesBuildPhase;
			buildActionMask = 2147483647;
			files = (
				31A9FD661DADD74C0098C312 /* ViewController.swift in Sources */,
				31A9FD971DADED0A0098C312 /* DetailsViewController.swift in Sources */,
				31A9FD641DADD74C0098C312 /* AppDelegate.swift in Sources */,
				31A9FD931DADE6D70098C312 /* SettingsViewController.swift in Sources */,
			);
			runOnlyForDeploymentPostprocessing = 0;
		};
		31A9FD701DADD74C0098C312 /* Sources */ = {
			isa = PBXSourcesBuildPhase;
			buildActionMask = 2147483647;
			files = (
				31A9FD791DADD74C0098C312 /* GoogleDemoTests.swift in Sources */,
			);
			runOnlyForDeploymentPostprocessing = 0;
		};
		31A9FD7B1DADD74C0098C312 /* Sources */ = {
			isa = PBXSourcesBuildPhase;
			buildActionMask = 2147483647;
			files = (
				31A9FD841DADD74C0098C312 /* GoogleDemoUITests.swift in Sources */,
			);
			runOnlyForDeploymentPostprocessing = 0;
		};
/* End PBXSourcesBuildPhase section */

/* Begin PBXTargetDependency section */
		31A9FD761DADD74C0098C312 /* PBXTargetDependency */ = {
			isa = PBXTargetDependency;
			target = 31A9FD5F1DADD74C0098C312 /* GoogleDemo */;
			targetProxy = 31A9FD751DADD74C0098C312 /* PBXContainerItemProxy */;
		};
		31A9FD811DADD74C0098C312 /* PBXTargetDependency */ = {
			isa = PBXTargetDependency;
			target = 31A9FD5F1DADD74C0098C312 /* GoogleDemo */;
			targetProxy = 31A9FD801DADD74C0098C312 /* PBXContainerItemProxy */;
		};
/* End PBXTargetDependency section */

/* Begin PBXVariantGroup section */
		31A9FD671DADD74C0098C312 /* Main.storyboard */ = {
			isa = PBXVariantGroup;
			children = (
				31A9FD681DADD74C0098C312 /* Base */,
			);
			name = Main.storyboard;
			sourceTree = "<group>";
		};
		31A9FD6C1DADD74C0098C312 /* LaunchScreen.storyboard */ = {
			isa = PBXVariantGroup;
			children = (
				31A9FD6D1DADD74C0098C312 /* Base */,
			);
			name = LaunchScreen.storyboard;
			sourceTree = "<group>";
		};
/* End PBXVariantGroup section */

/* Begin XCBuildConfiguration section */
		31A9FD861DADD74C0098C312 /* Debug */ = {
			isa = XCBuildConfiguration;
			buildSettings = {
				ALWAYS_SEARCH_USER_PATHS = NO;
				CLANG_ANALYZER_NONNULL = YES;
				CLANG_CXX_LANGUAGE_STANDARD = "gnu++0x";
				CLANG_CXX_LIBRARY = "libc++";
				CLANG_ENABLE_MODULES = YES;
				CLANG_ENABLE_OBJC_ARC = YES;
				CLANG_WARN_BOOL_CONVERSION = YES;
				CLANG_WARN_CONSTANT_CONVERSION = YES;
				CLANG_WARN_DIRECT_OBJC_ISA_USAGE = YES_ERROR;
				CLANG_WARN_DOCUMENTATION_COMMENTS = YES;
				CLANG_WARN_EMPTY_BODY = YES;
				CLANG_WARN_ENUM_CONVERSION = YES;
				CLANG_WARN_INFINITE_RECURSION = YES;
				CLANG_WARN_INT_CONVERSION = YES;
				CLANG_WARN_OBJC_ROOT_CLASS = YES_ERROR;
				CLANG_WARN_SUSPICIOUS_MOVES = YES;
				CLANG_WARN_UNREACHABLE_CODE = YES;
				CLANG_WARN__DUPLICATE_METHOD_MATCH = YES;
				"CODE_SIGN_IDENTITY[sdk=iphoneos*]" = "iPhone Developer";
				COPY_PHASE_STRIP = NO;
				DEBUG_INFORMATION_FORMAT = dwarf;
				ENABLE_STRICT_OBJC_MSGSEND = YES;
				ENABLE_TESTABILITY = YES;
				GCC_C_LANGUAGE_STANDARD = gnu99;
				GCC_DYNAMIC_NO_PIC = NO;
				GCC_NO_COMMON_BLOCKS = YES;
				GCC_OPTIMIZATION_LEVEL = 0;
				GCC_PREPROCESSOR_DEFINITIONS = (
					"DEBUG=1",
					"$(inherited)",
				);
				GCC_WARN_64_TO_32_BIT_CONVERSION = YES;
				GCC_WARN_ABOUT_RETURN_TYPE = YES_ERROR;
				GCC_WARN_UNDECLARED_SELECTOR = YES;
				GCC_WARN_UNINITIALIZED_AUTOS = YES_AGGRESSIVE;
				GCC_WARN_UNUSED_FUNCTION = YES;
				GCC_WARN_UNUSED_VARIABLE = YES;
				IPHONEOS_DEPLOYMENT_TARGET = 10.0;
				MTL_ENABLE_DEBUG_INFO = YES;
				ONLY_ACTIVE_ARCH = YES;
				SDKROOT = iphoneos;
				SWIFT_ACTIVE_COMPILATION_CONDITIONS = DEBUG;
				SWIFT_OPTIMIZATION_LEVEL = "-Onone";
			};
			name = Debug;
		};
		31A9FD871DADD74C0098C312 /* Release */ = {
			isa = XCBuildConfiguration;
			buildSettings = {
				ALWAYS_SEARCH_USER_PATHS = NO;
				CLANG_ANALYZER_NONNULL = YES;
				CLANG_CXX_LANGUAGE_STANDARD = "gnu++0x";
				CLANG_CXX_LIBRARY = "libc++";
				CLANG_ENABLE_MODULES = YES;
				CLANG_ENABLE_OBJC_ARC = YES;
				CLANG_WARN_BOOL_CONVERSION = YES;
				CLANG_WARN_CONSTANT_CONVERSION = YES;
				CLANG_WARN_DIRECT_OBJC_ISA_USAGE = YES_ERROR;
				CLANG_WARN_DOCUMENTATION_COMMENTS = YES;
				CLANG_WARN_EMPTY_BODY = YES;
				CLANG_WARN_ENUM_CONVERSION = YES;
				CLANG_WARN_INFINITE_RECURSION = YES;
				CLANG_WARN_INT_CONVERSION = YES;
				CLANG_WARN_OBJC_ROOT_CLASS = YES_ERROR;
				CLANG_WARN_SUSPICIOUS_MOVES = YES;
				CLANG_WARN_UNREACHABLE_CODE = YES;
				CLANG_WARN__DUPLICATE_METHOD_MATCH = YES;
				"CODE_SIGN_IDENTITY[sdk=iphoneos*]" = "iPhone Developer";
				COPY_PHASE_STRIP = NO;
				DEBUG_INFORMATION_FORMAT = "dwarf-with-dsym";
				ENABLE_NS_ASSERTIONS = NO;
				ENABLE_STRICT_OBJC_MSGSEND = YES;
				GCC_C_LANGUAGE_STANDARD = gnu99;
				GCC_NO_COMMON_BLOCKS = YES;
				GCC_WARN_64_TO_32_BIT_CONVERSION = YES;
				GCC_WARN_ABOUT_RETURN_TYPE = YES_ERROR;
				GCC_WARN_UNDECLARED_SELECTOR = YES;
				GCC_WARN_UNINITIALIZED_AUTOS = YES_AGGRESSIVE;
				GCC_WARN_UNUSED_FUNCTION = YES;
				GCC_WARN_UNUSED_VARIABLE = YES;
				IPHONEOS_DEPLOYMENT_TARGET = 10.0;
				MTL_ENABLE_DEBUG_INFO = NO;
				SDKROOT = iphoneos;
				SWIFT_OPTIMIZATION_LEVEL = "-Owholemodule";
				VALIDATE_PRODUCT = YES;
			};
			name = Release;
		};
		31A9FD891DADD74C0098C312 /* Debug */ = {
			isa = XCBuildConfiguration;
			buildSettings = {
				ASSETCATALOG_COMPILER_APPICON_NAME = AppIcon;
				INFOPLIST_FILE = GoogleDemo/Info.plist;
				LD_RUNPATH_SEARCH_PATHS = "$(inherited) @executable_path/Frameworks";
				PRODUCT_BUNDLE_IDENTIFIER = com.codepath.GoogleDemo;
				PRODUCT_NAME = "$(TARGET_NAME)";
				SWIFT_VERSION = 3.0;
			};
			name = Debug;
		};
		31A9FD8A1DADD74C0098C312 /* Release */ = {
			isa = XCBuildConfiguration;
			buildSettings = {
				ASSETCATALOG_COMPILER_APPICON_NAME = AppIcon;
				INFOPLIST_FILE = GoogleDemo/Info.plist;
				LD_RUNPATH_SEARCH_PATHS = "$(inherited) @executable_path/Frameworks";
				PRODUCT_BUNDLE_IDENTIFIER = com.codepath.GoogleDemo;
				PRODUCT_NAME = "$(TARGET_NAME)";
				SWIFT_VERSION = 3.0;
			};
			name = Release;
		};
		31A9FD8C1DADD74C0098C312 /* Debug */ = {
			isa = XCBuildConfiguration;
			buildSettings = {
				ALWAYS_EMBED_SWIFT_STANDARD_LIBRARIES = YES;
				BUNDLE_LOADER = "$(TEST_HOST)";
				INFOPLIST_FILE = GoogleDemoTests/Info.plist;
				LD_RUNPATH_SEARCH_PATHS = "$(inherited) @executable_path/Frameworks @loader_path/Frameworks";
				PRODUCT_BUNDLE_IDENTIFIER = com.codepath.GoogleDemoTests;
				PRODUCT_NAME = "$(TARGET_NAME)";
				SWIFT_VERSION = 3.0;
				TEST_HOST = "$(BUILT_PRODUCTS_DIR)/GoogleDemo.app/GoogleDemo";
			};
			name = Debug;
		};
		31A9FD8D1DADD74C0098C312 /* Release */ = {
			isa = XCBuildConfiguration;
			buildSettings = {
				ALWAYS_EMBED_SWIFT_STANDARD_LIBRARIES = YES;
				BUNDLE_LOADER = "$(TEST_HOST)";
				INFOPLIST_FILE = GoogleDemoTests/Info.plist;
				LD_RUNPATH_SEARCH_PATHS = "$(inherited) @executable_path/Frameworks @loader_path/Frameworks";
				PRODUCT_BUNDLE_IDENTIFIER = com.codepath.GoogleDemoTests;
				PRODUCT_NAME = "$(TARGET_NAME)";
				SWIFT_VERSION = 3.0;
				TEST_HOST = "$(BUILT_PRODUCTS_DIR)/GoogleDemo.app/GoogleDemo";
			};
			name = Release;
		};
		31A9FD8F1DADD74C0098C312 /* Debug */ = {
			isa = XCBuildConfiguration;
			buildSettings = {
				ALWAYS_EMBED_SWIFT_STANDARD_LIBRARIES = YES;
				INFOPLIST_FILE = GoogleDemoUITests/Info.plist;
				LD_RUNPATH_SEARCH_PATHS = "$(inherited) @executable_path/Frameworks @loader_path/Frameworks";
				PRODUCT_BUNDLE_IDENTIFIER = com.codepath.GoogleDemoUITests;
				PRODUCT_NAME = "$(TARGET_NAME)";
				SWIFT_VERSION = 3.0;
				TEST_TARGET_NAME = GoogleDemo;
			};
			name = Debug;
		};
		31A9FD901DADD74C0098C312 /* Release */ = {
			isa = XCBuildConfiguration;
			buildSettings = {
				ALWAYS_EMBED_SWIFT_STANDARD_LIBRARIES = YES;
				INFOPLIST_FILE = GoogleDemoUITests/Info.plist;
				LD_RUNPATH_SEARCH_PATHS = "$(inherited) @executable_path/Frameworks @loader_path/Frameworks";
				PRODUCT_BUNDLE_IDENTIFIER = com.codepath.GoogleDemoUITests;
				PRODUCT_NAME = "$(TARGET_NAME)";
				SWIFT_VERSION = 3.0;
				TEST_TARGET_NAME = GoogleDemo;
			};
			name = Release;
		};
/* End XCBuildConfiguration section */

/* Begin XCConfigurationList section */
		31A9FD5B1DADD74C0098C312 /* Build configuration list for PBXProject "GoogleDemo" */ = {
			isa = XCConfigurationList;
			buildConfigurations = (
				31A9FD861DADD74C0098C312 /* Debug */,
				31A9FD871DADD74C0098C312 /* Release */,
			);
			defaultConfigurationIsVisible = 0;
			defaultConfigurationName = Release;
		};
		31A9FD881DADD74C0098C312 /* Build configuration list for PBXNativeTarget "GoogleDemo" */ = {
			isa = XCConfigurationList;
			buildConfigurations = (
				31A9FD891DADD74C0098C312 /* Debug */,
				31A9FD8A1DADD74C0098C312 /* Release */,
			);
			defaultConfigurationIsVisible = 0;
			defaultConfigurationName = Release;
		};
		31A9FD8B1DADD74C0098C312 /* Build configuration list for PBXNativeTarget "GoogleDemoTests" */ = {
			isa = XCConfigurationList;
			buildConfigurations = (
				31A9FD8C1DADD74C0098C312 /* Debug */,
				31A9FD8D1DADD74C0098C312 /* Release */,
			);
			defaultConfigurationIsVisible = 0;
			defaultConfigurationName = Release;
		};
		31A9FD8E1DADD74C0098C312 /* Build configuration list for PBXNativeTarget "GoogleDemoUITests" */ = {
			isa = XCConfigurationList;
			buildConfigurations = (
				31A9FD8F1DADD74C0098C312 /* Debug */,
				31A9FD901DADD74C0098C312 /* Release */,
			);
			defaultConfigurationIsVisible = 0;
			defaultConfigurationName = Release;
		};
/* End XCConfigurationList section */
	};
	rootObject = 31A9FD581DADD74C0098C312 /* Project object */;
}
