// !$*UTF8*$!
{
	archiveVersion = 1;
	classes = {
	};
	objectVersion = 46;
	objects = {

/* Begin PBXBuildFile section */
		31920D3A1DC9A5EE002E8F15 /* OrchidViewController.swift in Sources */ = {isa = PBXBuildFile; fileRef = 31920D391DC9A5EE002E8F15 /* OrchidViewController.swift */; };
		31920D3C1DC9A5F5002E8F15 /* LavenderViewController.swift in Sources */ = {isa = PBXBuildFile; fileRef = 31920D3B1DC9A5F5002E8F15 /* LavenderViewController.swift */; };
		31920D3E1DC9A5FC002E8F15 /* SkyViewController.swift in Sources */ = {isa = PBXBuildFile; fileRef = 31920D3D1DC9A5FC002E8F15 /* SkyViewController.swift */; };
		31B4D9DD1DC98F2800265AB0 /* AppDelegate.swift in Sources */ = {isa = PBXBuildFile; fileRef = 31B4D9DC1DC98F2800265AB0 /* AppDelegate.swift */; };
		31B4D9DF1DC98F2800265AB0 /* ViewController.swift in Sources */ = {isa = PBXBuildFile; fileRef = 31B4D9DE1DC98F2800265AB0 /* ViewController.swift */; };
		31B4D9E21DC98F2800265AB0 /* Main.storyboard in Resources */ = {isa = PBXBuildFile; fileRef = 31B4D9E01DC98F2800265AB0 /* Main.storyboard */; };
		31B4D9E41DC98F2800265AB0 /* Assets.xcassets in Resources */ = {isa = PBXBuildFile; fileRef = 31B4D9E31DC98F2800265AB0 /* Assets.xcassets */; };
		31B4D9E71DC98F2800265AB0 /* LaunchScreen.storyboard in Resources */ = {isa = PBXBuildFile; fileRef = 31B4D9E51DC98F2800265AB0 /* LaunchScreen.storyboard */; };
		31B4D9F21DC98F2800265AB0 /* TabBarDemoTests.swift in Sources */ = {isa = PBXBuildFile; fileRef = 31B4D9F11DC98F2800265AB0 /* TabBarDemoTests.swift */; };
		31B4D9FD1DC98F2800265AB0 /* TabBarDemoUITests.swift in Sources */ = {isa = PBXBuildFile; fileRef = 31B4D9FC1DC98F2800265AB0 /* TabBarDemoUITests.swift */; };
		31B4DA0C1DC995D600265AB0 /* TabBarViewController.swift in Sources */ = {isa = PBXBuildFile; fileRef = 31B4DA0B1DC995D600265AB0 /* TabBarViewController.swift */; };
/* End PBXBuildFile section */

/* Begin PBXContainerItemProxy section */
		31B4D9EE1DC98F2800265AB0 /* PBXContainerItemProxy */ = {
			isa = PBXContainerItemProxy;
			containerPortal = 31B4D9D11DC98F2800265AB0 /* Project object */;
			proxyType = 1;
			remoteGlobalIDString = 31B4D9D81DC98F2800265AB0;
			remoteInfo = TabBarDemo;
		};
		31B4D9F91DC98F2800265AB0 /* PBXContainerItemProxy */ = {
			isa = PBXContainerItemProxy;
			containerPortal = 31B4D9D11DC98F2800265AB0 /* Project object */;
			proxyType = 1;
			remoteGlobalIDString = 31B4D9D81DC98F2800265AB0;
			remoteInfo = TabBarDemo;
		};
/* End PBXContainerItemProxy section */

/* Begin PBXFileReference section */
		31920D391DC9A5EE002E8F15 /* OrchidViewController.swift */ = {isa = PBXFileReference; fileEncoding = 4; lastKnownFileType = sourcecode.swift; path = OrchidViewController.swift; sourceTree = "<group>"; };
		31920D3B1DC9A5F5002E8F15 /* LavenderViewController.swift */ = {isa = PBXFileReference; fileEncoding = 4; lastKnownFileType = sourcecode.swift; path = LavenderViewController.swift; sourceTree = "<group>"; };
		31920D3D1DC9A5FC002E8F15 /* SkyViewController.swift */ = {isa = PBXFileReference; fileEncoding = 4; lastKnownFileType = sourcecode.swift; path = SkyViewController.swift; sourceTree = "<group>"; };
		31B4D9D91DC98F2800265AB0 /* TabBarDemo.app */ = {isa = PBXFileReference; explicitFileType = wrapper.application; includeInIndex = 0; path = TabBarDemo.app; sourceTree = BUILT_PRODUCTS_DIR; };
		31B4D9DC1DC98F2800265AB0 /* AppDelegate.swift */ = {isa = PBXFileReference; lastKnownFileType = sourcecode.swift; path = AppDelegate.swift; sourceTree = "<group>"; };
		31B4D9DE1DC98F2800265AB0 /* ViewController.swift */ = {isa = PBXFileReference; lastKnownFileType = sourcecode.swift; path = ViewController.swift; sourceTree = "<group>"; };
		31B4D9E11DC98F2800265AB0 /* Base */ = {isa = PBXFileReference; lastKnownFileType = file.storyboard; name = Base; path = Base.lproj/Main.storyboard; sourceTree = "<group>"; };
		31B4D9E31DC98F2800265AB0 /* Assets.xcassets */ = {isa = PBXFileReference; lastKnownFileType = folder.assetcatalog; path = Assets.xcassets; sourceTree = "<group>"; };
		31B4D9E61DC98F2800265AB0 /* Base */ = {isa = PBXFileReference; lastKnownFileType = file.storyboard; name = Base; path = Base.lproj/LaunchScreen.storyboard; sourceTree = "<group>"; };
		31B4D9E81DC98F2800265AB0 /* Info.plist */ = {isa = PBXFileReference; lastKnownFileType = text.plist.xml; path = Info.plist; sourceTree = "<group>"; };
		31B4D9ED1DC98F2800265AB0 /* TabBarDemoTests.xctest */ = {isa = PBXFileReference; explicitFileType = wrapper.cfbundle; includeInIndex = 0; path = TabBarDemoTests.xctest; sourceTree = BUILT_PRODUCTS_DIR; };
		31B4D9F11DC98F2800265AB0 /* TabBarDemoTests.swift */ = {isa = PBXFileReference; lastKnownFileType = sourcecode.swift; path = TabBarDemoTests.swift; sourceTree = "<group>"; };
		31B4D9F31DC98F2800265AB0 /* Info.plist */ = {isa = PBXFileReference; lastKnownFileType = text.plist.xml; path = Info.plist; sourceTree = "<group>"; };
		31B4D9F81DC98F2800265AB0 /* TabBarDemoUITests.xctest */ = {isa = PBXFileReference; explicitFileType = wrapper.cfbundle; includeInIndex = 0; path = TabBarDemoUITests.xctest; sourceTree = BUILT_PRODUCTS_DIR; };
		31B4D9FC1DC98F2800265AB0 /* TabBarDemoUITests.swift */ = {isa = PBXFileReference; lastKnownFileType = sourcecode.swift; path = TabBarDemoUITests.swift; sourceTree = "<group>"; };
		31B4D9FE1DC98F2800265AB0 /* Info.plist */ = {isa = PBXFileReference; lastKnownFileType = text.plist.xml; path = Info.plist; sourceTree = "<group>"; };
		31B4DA0B1DC995D600265AB0 /* TabBarViewController.swift */ = {isa = PBXFileReference; fileEncoding = 4; lastKnownFileType = sourcecode.swift; path = TabBarViewController.swift; sourceTree = "<group>"; };
/* End PBXFileReference section */

/* Begin PBXFrameworksBuildPhase section */
		31B4D9D61DC98F2800265AB0 /* Frameworks */ = {
			isa = PBXFrameworksBuildPhase;
			buildActionMask = 2147483647;
			files = (
			);
			runOnlyForDeploymentPostprocessing = 0;
		};
		31B4D9EA1DC98F2800265AB0 /* Frameworks */ = {
			isa = PBXFrameworksBuildPhase;
			buildActionMask = 2147483647;
			files = (
			);
			runOnlyForDeploymentPostprocessing = 0;
		};
		31B4D9F51DC98F2800265AB0 /* Frameworks */ = {
			isa = PBXFrameworksBuildPhase;
			buildActionMask = 2147483647;
			files = (
			);
			runOnlyForDeploymentPostprocessing = 0;
		};
/* End PBXFrameworksBuildPhase section */

/* Begin PBXGroup section */
		31B4D9D01DC98F2800265AB0 = {
			isa = PBXGroup;
			children = (
				31B4D9DB1DC98F2800265AB0 /* TabBarDemo */,
				31B4D9F01DC98F2800265AB0 /* TabBarDemoTests */,
				31B4D9FB1DC98F2800265AB0 /* TabBarDemoUITests */,
				31B4D9DA1DC98F2800265AB0 /* Products */,
			);
			sourceTree = "<group>";
		};
		31B4D9DA1DC98F2800265AB0 /* Products */ = {
			isa = PBXGroup;
			children = (
				31B4D9D91DC98F2800265AB0 /* TabBarDemo.app */,
				31B4D9ED1DC98F2800265AB0 /* TabBarDemoTests.xctest */,
				31B4D9F81DC98F2800265AB0 /* TabBarDemoUITests.xctest */,
			);
			name = Products;
			sourceTree = "<group>";
		};
		31B4D9DB1DC98F2800265AB0 /* TabBarDemo */ = {
			isa = PBXGroup;
			children = (
				31B4D9DC1DC98F2800265AB0 /* AppDelegate.swift */,
				31B4D9DE1DC98F2800265AB0 /* ViewController.swift */,
				31B4DA0A1DC995C500265AB0 /* ViewControllers */,
				31B4D9E01DC98F2800265AB0 /* Main.storyboard */,
				31B4D9E31DC98F2800265AB0 /* Assets.xcassets */,
				31B4D9E51DC98F2800265AB0 /* LaunchScreen.storyboard */,
				31B4D9E81DC98F2800265AB0 /* Info.plist */,
			);
			path = TabBarDemo;
			sourceTree = "<group>";
		};
		31B4D9F01DC98F2800265AB0 /* TabBarDemoTests */ = {
			isa = PBXGroup;
			children = (
				31B4D9F11DC98F2800265AB0 /* TabBarDemoTests.swift */,
				31B4D9F31DC98F2800265AB0 /* Info.plist */,
			);
			path = TabBarDemoTests;
			sourceTree = "<group>";
		};
		31B4D9FB1DC98F2800265AB0 /* TabBarDemoUITests */ = {
			isa = PBXGroup;
			children = (
				31B4D9FC1DC98F2800265AB0 /* TabBarDemoUITests.swift */,
				31B4D9FE1DC98F2800265AB0 /* Info.plist */,
			);
			path = TabBarDemoUITests;
			sourceTree = "<group>";
		};
		31B4DA0A1DC995C500265AB0 /* ViewControllers */ = {
			isa = PBXGroup;
			children = (
				31B4DA0B1DC995D600265AB0 /* TabBarViewController.swift */,
				31920D3B1DC9A5F5002E8F15 /* LavenderViewController.swift */,
				31920D3D1DC9A5FC002E8F15 /* SkyViewController.swift */,
				31920D391DC9A5EE002E8F15 /* OrchidViewController.swift */,
			);
			name = ViewControllers;
			sourceTree = "<group>";
		};
/* End PBXGroup section */

/* Begin PBXNativeTarget section */
		31B4D9D81DC98F2800265AB0 /* TabBarDemo */ = {
			isa = PBXNativeTarget;
			buildConfigurationList = 31B4DA011DC98F2800265AB0 /* Build configuration list for PBXNativeTarget "TabBarDemo" */;
			buildPhases = (
				31B4D9D51DC98F2800265AB0 /* Sources */,
				31B4D9D61DC98F2800265AB0 /* Frameworks */,
				31B4D9D71DC98F2800265AB0 /* Resources */,
			);
			buildRules = (
			);
			dependencies = (
			);
			name = TabBarDemo;
			productName = TabBarDemo;
			productReference = 31B4D9D91DC98F2800265AB0 /* TabBarDemo.app */;
			productType = "com.apple.product-type.application";
		};
		31B4D9EC1DC98F2800265AB0 /* TabBarDemoTests */ = {
			isa = PBXNativeTarget;
			buildConfigurationList = 31B4DA041DC98F2800265AB0 /* Build configuration list for PBXNativeTarget "TabBarDemoTests" */;
			buildPhases = (
				31B4D9E91DC98F2800265AB0 /* Sources */,
				31B4D9EA1DC98F2800265AB0 /* Frameworks */,
				31B4D9EB1DC98F2800265AB0 /* Resources */,
			);
			buildRules = (
			);
			dependencies = (
				31B4D9EF1DC98F2800265AB0 /* PBXTargetDependency */,
			);
			name = TabBarDemoTests;
			productName = TabBarDemoTests;
			productReference = 31B4D9ED1DC98F2800265AB0 /* TabBarDemoTests.xctest */;
			productType = "com.apple.product-type.bundle.unit-test";
		};
		31B4D9F71DC98F2800265AB0 /* TabBarDemoUITests */ = {
			isa = PBXNativeTarget;
			buildConfigurationList = 31B4DA071DC98F2800265AB0 /* Build configuration list for PBXNativeTarget "TabBarDemoUITests" */;
			buildPhases = (
				31B4D9F41DC98F2800265AB0 /* Sources */,
				31B4D9F51DC98F2800265AB0 /* Frameworks */,
				31B4D9F61DC98F2800265AB0 /* Resources */,
			);
			buildRules = (
			);
			dependencies = (
				31B4D9FA1DC98F2800265AB0 /* PBXTargetDependency */,
			);
			name = TabBarDemoUITests;
			productName = TabBarDemoUITests;
			productReference = 31B4D9F81DC98F2800265AB0 /* TabBarDemoUITests.xctest */;
			productType = "com.apple.product-type.bundle.ui-testing";
		};
/* End PBXNativeTarget section */

/* Begin PBXProject section */
		31B4D9D11DC98F2800265AB0 /* Project object */ = {
			isa = PBXProject;
			attributes = {
				LastSwiftUpdateCheck = 0810;
				LastUpgradeCheck = 0810;
				ORGANIZATIONNAME = "Yang Yang";
				TargetAttributes = {
					31B4D9D81DC98F2800265AB0 = {
						CreatedOnToolsVersion = 8.1;
						DevelopmentTeam = 4YWZZ939H4;
						ProvisioningStyle = Automatic;
					};
					31B4D9EC1DC98F2800265AB0 = {
						CreatedOnToolsVersion = 8.1;
						DevelopmentTeam = 4YWZZ939H4;
						ProvisioningStyle = Automatic;
						TestTargetID = 31B4D9D81DC98F2800265AB0;
					};
					31B4D9F71DC98F2800265AB0 = {
						CreatedOnToolsVersion = 8.1;
						DevelopmentTeam = 4YWZZ939H4;
						ProvisioningStyle = Automatic;
						TestTargetID = 31B4D9D81DC98F2800265AB0;
					};
				};
			};
			buildConfigurationList = 31B4D9D41DC98F2800265AB0 /* Build configuration list for PBXProject "TabBarDemo" */;
			compatibilityVersion = "Xcode 3.2";
			developmentRegion = English;
			hasScannedForEncodings = 0;
			knownRegions = (
				en,
				Base,
			);
			mainGroup = 31B4D9D01DC98F2800265AB0;
			productRefGroup = 31B4D9DA1DC98F2800265AB0 /* Products */;
			projectDirPath = "";
			projectRoot = "";
			targets = (
				31B4D9D81DC98F2800265AB0 /* TabBarDemo */,
				31B4D9EC1DC98F2800265AB0 /* TabBarDemoTests */,
				31B4D9F71DC98F2800265AB0 /* TabBarDemoUITests */,
			);
		};
/* End PBXProject section */

/* Begin PBXResourcesBuildPhase section */
		31B4D9D71DC98F2800265AB0 /* Resources */ = {
			isa = PBXResourcesBuildPhase;
			buildActionMask = 2147483647;
			files = (
				31B4D9E71DC98F2800265AB0 /* LaunchScreen.storyboard in Resources */,
				31B4D9E41DC98F2800265AB0 /* Assets.xcassets in Resources */,
				31B4D9E21DC98F2800265AB0 /* Main.storyboard in Resources */,
			);
			runOnlyForDeploymentPostprocessing = 0;
		};
		31B4D9EB1DC98F2800265AB0 /* Resources */ = {
			isa = PBXResourcesBuildPhase;
			buildActionMask = 2147483647;
			files = (
			);
			runOnlyForDeploymentPostprocessing = 0;
		};
		31B4D9F61DC98F2800265AB0 /* Resources */ = {
			isa = PBXResourcesBuildPhase;
			buildActionMask = 2147483647;
			files = (
			);
			runOnlyForDeploymentPostprocessing = 0;
		};
/* End PBXResourcesBuildPhase section */

/* Begin PBXSourcesBuildPhase section */
		31B4D9D51DC98F2800265AB0 /* Sources */ = {
			isa = PBXSourcesBuildPhase;
			buildActionMask = 2147483647;
			files = (
				31B4D9DF1DC98F2800265AB0 /* ViewController.swift in Sources */,
				31920D3A1DC9A5EE002E8F15 /* OrchidViewController.swift in Sources */,
				31B4DA0C1DC995D600265AB0 /* TabBarViewController.swift in Sources */,
				31B4D9DD1DC98F2800265AB0 /* AppDelegate.swift in Sources */,
				31920D3E1DC9A5FC002E8F15 /* SkyViewController.swift in Sources */,
				31920D3C1DC9A5F5002E8F15 /* LavenderViewController.swift in Sources */,
			);
			runOnlyForDeploymentPostprocessing = 0;
		};
		31B4D9E91DC98F2800265AB0 /* Sources */ = {
			isa = PBXSourcesBuildPhase;
			buildActionMask = 2147483647;
			files = (
				31B4D9F21DC98F2800265AB0 /* TabBarDemoTests.swift in Sources */,
			);
			runOnlyForDeploymentPostprocessing = 0;
		};
		31B4D9F41DC98F2800265AB0 /* Sources */ = {
			isa = PBXSourcesBuildPhase;
			buildActionMask = 2147483647;
			files = (
				31B4D9FD1DC98F2800265AB0 /* TabBarDemoUITests.swift in Sources */,
			);
			runOnlyForDeploymentPostprocessing = 0;
		};
/* End PBXSourcesBuildPhase section */

/* Begin PBXTargetDependency section */
		31B4D9EF1DC98F2800265AB0 /* PBXTargetDependency */ = {
			isa = PBXTargetDependency;
			target = 31B4D9D81DC98F2800265AB0 /* TabBarDemo */;
			targetProxy = 31B4D9EE1DC98F2800265AB0 /* PBXContainerItemProxy */;
		};
		31B4D9FA1DC98F2800265AB0 /* PBXTargetDependency */ = {
			isa = PBXTargetDependency;
			target = 31B4D9D81DC98F2800265AB0 /* TabBarDemo */;
			targetProxy = 31B4D9F91DC98F2800265AB0 /* PBXContainerItemProxy */;
		};
/* End PBXTargetDependency section */

/* Begin PBXVariantGroup section */
		31B4D9E01DC98F2800265AB0 /* Main.storyboard */ = {
			isa = PBXVariantGroup;
			children = (
				31B4D9E11DC98F2800265AB0 /* Base */,
			);
			name = Main.storyboard;
			sourceTree = "<group>";
		};
		31B4D9E51DC98F2800265AB0 /* LaunchScreen.storyboard */ = {
			isa = PBXVariantGroup;
			children = (
				31B4D9E61DC98F2800265AB0 /* Base */,
			);
			name = LaunchScreen.storyboard;
			sourceTree = "<group>";
		};
/* End PBXVariantGroup section */

/* Begin XCBuildConfiguration section */
		31B4D9FF1DC98F2800265AB0 /* Debug */ = {
			isa = XCBuildConfiguration;
			buildSettings = {
				ALWAYS_SEARCH_USER_PATHS = NO;
				CLANG_ANALYZER_NONNULL = YES;
				CLANG_CXX_LANGUAGE_STANDARD = "gnu++0x";
				CLANG_CXX_LIBRARY = "libc++";
				CLANG_ENABLE_MODULES = YES;
				CLANG_ENABLE_OBJC_ARC = YES;
				CLANG_WARN_BOOL_CONVERSION = YES;
				CLANG_WARN_CONSTANT_CONVERSION = YES;
				CLANG_WARN_DIRECT_OBJC_ISA_USAGE = YES_ERROR;
				CLANG_WARN_DOCUMENTATION_COMMENTS = YES;
				CLANG_WARN_EMPTY_BODY = YES;
				CLANG_WARN_ENUM_CONVERSION = YES;
				CLANG_WARN_INFINITE_RECURSION = YES;
				CLANG_WARN_INT_CONVERSION = YES;
				CLANG_WARN_OBJC_ROOT_CLASS = YES_ERROR;
				CLANG_WARN_SUSPICIOUS_MOVES = YES;
				CLANG_WARN_UNREACHABLE_CODE = YES;
				CLANG_WARN__DUPLICATE_METHOD_MATCH = YES;
				"CODE_SIGN_IDENTITY[sdk=iphoneos*]" = "iPhone Developer";
				COPY_PHASE_STRIP = NO;
				DEBUG_INFORMATION_FORMAT = dwarf;
				ENABLE_STRICT_OBJC_MSGSEND = YES;
				ENABLE_TESTABILITY = YES;
				GCC_C_LANGUAGE_STANDARD = gnu99;
				GCC_DYNAMIC_NO_PIC = NO;
				GCC_NO_COMMON_BLOCKS = YES;
				GCC_OPTIMIZATION_LEVEL = 0;
				GCC_PREPROCESSOR_DEFINITIONS = (
					"DEBUG=1",
					"$(inherited)",
				);
				GCC_WARN_64_TO_32_BIT_CONVERSION = YES;
				GCC_WARN_ABOUT_RETURN_TYPE = YES_ERROR;
				GCC_WARN_UNDECLARED_SELECTOR = YES;
				GCC_WARN_UNINITIALIZED_AUTOS = YES_AGGRESSIVE;
				GCC_WARN_UNUSED_FUNCTION = YES;
				GCC_WARN_UNUSED_VARIABLE = YES;
				IPHONEOS_DEPLOYMENT_TARGET = 10.1;
				MTL_ENABLE_DEBUG_INFO = YES;
				ONLY_ACTIVE_ARCH = YES;
				SDKROOT = iphoneos;
				SWIFT_ACTIVE_COMPILATION_CONDITIONS = DEBUG;
				SWIFT_OPTIMIZATION_LEVEL = "-Onone";
			};
			name = Debug;
		};
		31B4DA001DC98F2800265AB0 /* Release */ = {
			isa = XCBuildConfiguration;
			buildSettings = {
				ALWAYS_SEARCH_USER_PATHS = NO;
				CLANG_ANALYZER_NONNULL = YES;
				CLANG_CXX_LANGUAGE_STANDARD = "gnu++0x";
				CLANG_CXX_LIBRARY = "libc++";
				CLANG_ENABLE_MODULES = YES;
				CLANG_ENABLE_OBJC_ARC = YES;
				CLANG_WARN_BOOL_CONVERSION = YES;
				CLANG_WARN_CONSTANT_CONVERSION = YES;
				CLANG_WARN_DIRECT_OBJC_ISA_USAGE = YES_ERROR;
				CLANG_WARN_DOCUMENTATION_COMMENTS = YES;
				CLANG_WARN_EMPTY_BODY = YES;
				CLANG_WARN_ENUM_CONVERSION = YES;
				CLANG_WARN_INFINITE_RECURSION = YES;
				CLANG_WARN_INT_CONVERSION = YES;
				CLANG_WARN_OBJC_ROOT_CLASS = YES_ERROR;
				CLANG_WARN_SUSPICIOUS_MOVES = YES;
				CLANG_WARN_UNREACHABLE_CODE = YES;
				CLANG_WARN__DUPLICATE_METHOD_MATCH = YES;
				"CODE_SIGN_IDENTITY[sdk=iphoneos*]" = "iPhone Developer";
				COPY_PHASE_STRIP = NO;
				DEBUG_INFORMATION_FORMAT = "dwarf-with-dsym";
				ENABLE_NS_ASSERTIONS = NO;
				ENABLE_STRICT_OBJC_MSGSEND = YES;
				GCC_C_LANGUAGE_STANDARD = gnu99;
				GCC_NO_COMMON_BLOCKS = YES;
				GCC_WARN_64_TO_32_BIT_CONVERSION = YES;
				GCC_WARN_ABOUT_RETURN_TYPE = YES_ERROR;
				GCC_WARN_UNDECLARED_SELECTOR = YES;
				GCC_WARN_UNINITIALIZED_AUTOS = YES_AGGRESSIVE;
				GCC_WARN_UNUSED_FUNCTION = YES;
				GCC_WARN_UNUSED_VARIABLE = YES;
				IPHONEOS_DEPLOYMENT_TARGET = 10.1;
				MTL_ENABLE_DEBUG_INFO = NO;
				SDKROOT = iphoneos;
				SWIFT_OPTIMIZATION_LEVEL = "-Owholemodule";
				VALIDATE_PRODUCT = YES;
			};
			name = Release;
		};
		31B4DA021DC98F2800265AB0 /* Debug */ = {
			isa = XCBuildConfiguration;
			buildSettings = {
				ASSETCATALOG_COMPILER_APPICON_NAME = AppIcon;
				DEVELOPMENT_TEAM = 4YWZZ939H4;
				INFOPLIST_FILE = TabBarDemo/Info.plist;
				LD_RUNPATH_SEARCH_PATHS = "$(inherited) @executable_path/Frameworks";
				PRODUCT_BUNDLE_IDENTIFIER = com.codepath.TabBarDemo;
				PRODUCT_NAME = "$(TARGET_NAME)";
				SWIFT_VERSION = 3.0;
			};
			name = Debug;
		};
		31B4DA031DC98F2800265AB0 /* Release */ = {
			isa = XCBuildConfiguration;
			buildSettings = {
				ASSETCATALOG_COMPILER_APPICON_NAME = AppIcon;
				DEVELOPMENT_TEAM = 4YWZZ939H4;
				INFOPLIST_FILE = TabBarDemo/Info.plist;
				LD_RUNPATH_SEARCH_PATHS = "$(inherited) @executable_path/Frameworks";
				PRODUCT_BUNDLE_IDENTIFIER = com.codepath.TabBarDemo;
				PRODUCT_NAME = "$(TARGET_NAME)";
				SWIFT_VERSION = 3.0;
			};
			name = Release;
		};
		31B4DA051DC98F2800265AB0 /* Debug */ = {
			isa = XCBuildConfiguration;
			buildSettings = {
				ALWAYS_EMBED_SWIFT_STANDARD_LIBRARIES = YES;
				BUNDLE_LOADER = "$(TEST_HOST)";
				DEVELOPMENT_TEAM = 4YWZZ939H4;
				INFOPLIST_FILE = TabBarDemoTests/Info.plist;
				LD_RUNPATH_SEARCH_PATHS = "$(inherited) @executable_path/Frameworks @loader_path/Frameworks";
				PRODUCT_BUNDLE_IDENTIFIER = com.codepath.TabBarDemoTests;
				PRODUCT_NAME = "$(TARGET_NAME)";
				SWIFT_VERSION = 3.0;
				TEST_HOST = "$(BUILT_PRODUCTS_DIR)/TabBarDemo.app/TabBarDemo";
			};
			name = Debug;
		};
		31B4DA061DC98F2800265AB0 /* Release */ = {
			isa = XCBuildConfiguration;
			buildSettings = {
				ALWAYS_EMBED_SWIFT_STANDARD_LIBRARIES = YES;
				BUNDLE_LOADER = "$(TEST_HOST)";
				DEVELOPMENT_TEAM = 4YWZZ939H4;
				INFOPLIST_FILE = TabBarDemoTests/Info.plist;
				LD_RUNPATH_SEARCH_PATHS = "$(inherited) @executable_path/Frameworks @loader_path/Frameworks";
				PRODUCT_BUNDLE_IDENTIFIER = com.codepath.TabBarDemoTests;
				PRODUCT_NAME = "$(TARGET_NAME)";
				SWIFT_VERSION = 3.0;
				TEST_HOST = "$(BUILT_PRODUCTS_DIR)/TabBarDemo.app/TabBarDemo";
			};
			name = Release;
		};
		31B4DA081DC98F2800265AB0 /* Debug */ = {
			isa = XCBuildConfiguration;
			buildSettings = {
				ALWAYS_EMBED_SWIFT_STANDARD_LIBRARIES = YES;
				DEVELOPMENT_TEAM = 4YWZZ939H4;
				INFOPLIST_FILE = TabBarDemoUITests/Info.plist;
				LD_RUNPATH_SEARCH_PATHS = "$(inherited) @executable_path/Frameworks @loader_path/Frameworks";
				PRODUCT_BUNDLE_IDENTIFIER = com.codepath.TabBarDemoUITests;
				PRODUCT_NAME = "$(TARGET_NAME)";
				SWIFT_VERSION = 3.0;
				TEST_TARGET_NAME = TabBarDemo;
			};
			name = Debug;
		};
		31B4DA091DC98F2800265AB0 /* Release */ = {
			isa = XCBuildConfiguration;
			buildSettings = {
				ALWAYS_EMBED_SWIFT_STANDARD_LIBRARIES = YES;
				DEVELOPMENT_TEAM = 4YWZZ939H4;
				INFOPLIST_FILE = TabBarDemoUITests/Info.plist;
				LD_RUNPATH_SEARCH_PATHS = "$(inherited) @executable_path/Frameworks @loader_path/Frameworks";
				PRODUCT_BUNDLE_IDENTIFIER = com.codepath.TabBarDemoUITests;
				PRODUCT_NAME = "$(TARGET_NAME)";
				SWIFT_VERSION = 3.0;
				TEST_TARGET_NAME = TabBarDemo;
			};
			name = Release;
		};
/* End XCBuildConfiguration section */

/* Begin XCConfigurationList section */
		31B4D9D41DC98F2800265AB0 /* Build configuration list for PBXProject "TabBarDemo" */ = {
			isa = XCConfigurationList;
			buildConfigurations = (
				31B4D9FF1DC98F2800265AB0 /* Debug */,
				31B4DA001DC98F2800265AB0 /* Release */,
			);
			defaultConfigurationIsVisible = 0;
			defaultConfigurationName = Release;
		};
		31B4DA011DC98F2800265AB0 /* Build configuration list for PBXNativeTarget "TabBarDemo" */ = {
			isa = XCConfigurationList;
			buildConfigurations = (
				31B4DA021DC98F2800265AB0 /* Debug */,
				31B4DA031DC98F2800265AB0 /* Release */,
			);
			defaultConfigurationIsVisible = 0;
			defaultConfigurationName = Release;
		};
		31B4DA041DC98F2800265AB0 /* Build configuration list for PBXNativeTarget "TabBarDemoTests" */ = {
			isa = XCConfigurationList;
			buildConfigurations = (
				31B4DA051DC98F2800265AB0 /* Debug */,
				31B4DA061DC98F2800265AB0 /* Release */,
			);
			defaultConfigurationIsVisible = 0;
			defaultConfigurationName = Release;
		};
		31B4DA071DC98F2800265AB0 /* Build configuration list for PBXNativeTarget "TabBarDemoUITests" */ = {
			isa = XCConfigurationList;
			buildConfigurations = (
				31B4DA081DC98F2800265AB0 /* Debug */,
				31B4DA091DC98F2800265AB0 /* Release */,
			);
			defaultConfigurationIsVisible = 0;
			defaultConfigurationName = Release;
		};
/* End XCConfigurationList section */
	};
	rootObject = 31B4D9D11DC98F2800265AB0 /* Project object */;
}
