// !$*UTF8*$!
{
	archiveVersion = 1;
	classes = {
	};
	objectVersion = 46;
	objects = {

/* Begin PBXBuildFile section */
		31C22EEE1DBF46F0000C9568 /* AppDelegate.swift in Sources */ = {isa = PBXBuildFile; fileRef = 31C22EED1DBF46F0000C9568 /* AppDelegate.swift */; };
		31C22EF01DBF46F0000C9568 /* ViewController.swift in Sources */ = {isa = PBXBuildFile; fileRef = 31C22EEF1DBF46F0000C9568 /* ViewController.swift */; };
		31C22EF31DBF46F0000C9568 /* Main.storyboard in Resources */ = {isa = PBXBuildFile; fileRef = 31C22EF11DBF46F0000C9568 /* Main.storyboard */; };
		31C22EF51DBF46F0000C9568 /* Assets.xcassets in Resources */ = {isa = PBXBuildFile; fileRef = 31C22EF41DBF46F0000C9568 /* Assets.xcassets */; };
		31C22EF81DBF46F0000C9568 /* LaunchScreen.storyboard in Resources */ = {isa = PBXBuildFile; fileRef = 31C22EF61DBF46F0000C9568 /* LaunchScreen.storyboard */; };
		31C22F031DBF46F0000C9568 /* MailboxDemoTests.swift in Sources */ = {isa = PBXBuildFile; fileRef = 31C22F021DBF46F0000C9568 /* MailboxDemoTests.swift */; };
		31C22F0E1DBF46F0000C9568 /* MailboxDemoUITests.swift in Sources */ = {isa = PBXBuildFile; fileRef = 31C22F0D1DBF46F0000C9568 /* MailboxDemoUITests.swift */; };
		31EE0EAA1DC454D000F2E851 /* MailboxViewController.swift in Sources */ = {isa = PBXBuildFile; fileRef = 31EE0EA91DC454D000F2E851 /* MailboxViewController.swift */; };
/* End PBXBuildFile section */

/* Begin PBXContainerItemProxy section */
		31C22EFF1DBF46F0000C9568 /* PBXContainerItemProxy */ = {
			isa = PBXContainerItemProxy;
			containerPortal = 31C22EE21DBF46F0000C9568 /* Project object */;
			proxyType = 1;
			remoteGlobalIDString = 31C22EE91DBF46F0000C9568;
			remoteInfo = MailboxDemo;
		};
		31C22F0A1DBF46F0000C9568 /* PBXContainerItemProxy */ = {
			isa = PBXContainerItemProxy;
			containerPortal = 31C22EE21DBF46F0000C9568 /* Project object */;
			proxyType = 1;
			remoteGlobalIDString = 31C22EE91DBF46F0000C9568;
			remoteInfo = MailboxDemo;
		};
/* End PBXContainerItemProxy section */

/* Begin PBXFileReference section */
		31C22EEA1DBF46F0000C9568 /* MailboxDemo.app */ = {isa = PBXFileReference; explicitFileType = wrapper.application; includeInIndex = 0; path = MailboxDemo.app; sourceTree = BUILT_PRODUCTS_DIR; };
		31C22EED1DBF46F0000C9568 /* AppDelegate.swift */ = {isa = PBXFileReference; lastKnownFileType = sourcecode.swift; path = AppDelegate.swift; sourceTree = "<group>"; };
		31C22EEF1DBF46F0000C9568 /* ViewController.swift */ = {isa = PBXFileReference; lastKnownFileType = sourcecode.swift; path = ViewController.swift; sourceTree = "<group>"; };
		31C22EF21DBF46F0000C9568 /* Base */ = {isa = PBXFileReference; lastKnownFileType = file.storyboard; name = Base; path = Base.lproj/Main.storyboard; sourceTree = "<group>"; };
		31C22EF41DBF46F0000C9568 /* Assets.xcassets */ = {isa = PBXFileReference; lastKnownFileType = folder.assetcatalog; path = Assets.xcassets; sourceTree = "<group>"; };
		31C22EF71DBF46F0000C9568 /* Base */ = {isa = PBXFileReference; lastKnownFileType = file.storyboard; name = Base; path = Base.lproj/LaunchScreen.storyboard; sourceTree = "<group>"; };
		31C22EF91DBF46F0000C9568 /* Info.plist */ = {isa = PBXFileReference; lastKnownFileType = text.plist.xml; path = Info.plist; sourceTree = "<group>"; };
		31C22EFE1DBF46F0000C9568 /* MailboxDemoTests.xctest */ = {isa = PBXFileReference; explicitFileType = wrapper.cfbundle; includeInIndex = 0; path = MailboxDemoTests.xctest; sourceTree = BUILT_PRODUCTS_DIR; };
		31C22F021DBF46F0000C9568 /* MailboxDemoTests.swift */ = {isa = PBXFileReference; lastKnownFileType = sourcecode.swift; path = MailboxDemoTests.swift; sourceTree = "<group>"; };
		31C22F041DBF46F0000C9568 /* Info.plist */ = {isa = PBXFileReference; lastKnownFileType = text.plist.xml; path = Info.plist; sourceTree = "<group>"; };
		31C22F091DBF46F0000C9568 /* MailboxDemoUITests.xctest */ = {isa = PBXFileReference; explicitFileType = wrapper.cfbundle; includeInIndex = 0; path = MailboxDemoUITests.xctest; sourceTree = BUILT_PRODUCTS_DIR; };
		31C22F0D1DBF46F0000C9568 /* MailboxDemoUITests.swift */ = {isa = PBXFileReference; lastKnownFileType = sourcecode.swift; path = MailboxDemoUITests.swift; sourceTree = "<group>"; };
		31C22F0F1DBF46F0000C9568 /* Info.plist */ = {isa = PBXFileReference; lastKnownFileType = text.plist.xml; path = Info.plist; sourceTree = "<group>"; };
		31EE0EA91DC454D000F2E851 /* MailboxViewController.swift */ = {isa = PBXFileReference; fileEncoding = 4; lastKnownFileType = sourcecode.swift; path = MailboxViewController.swift; sourceTree = "<group>"; };
/* End PBXFileReference section */

/* Begin PBXFrameworksBuildPhase section */
		31C22EE71DBF46F0000C9568 /* Frameworks */ = {
			isa = PBXFrameworksBuildPhase;
			buildActionMask = 2147483647;
			files = (
			);
			runOnlyForDeploymentPostprocessing = 0;
		};
		31C22EFB1DBF46F0000C9568 /* Frameworks */ = {
			isa = PBXFrameworksBuildPhase;
			buildActionMask = 2147483647;
			files = (
			);
			runOnlyForDeploymentPostprocessing = 0;
		};
		31C22F061DBF46F0000C9568 /* Frameworks */ = {
			isa = PBXFrameworksBuildPhase;
			buildActionMask = 2147483647;
			files = (
			);
			runOnlyForDeploymentPostprocessing = 0;
		};
/* End PBXFrameworksBuildPhase section */

/* Begin PBXGroup section */
		31C22EE11DBF46F0000C9568 = {
			isa = PBXGroup;
			children = (
				31C22EEC1DBF46F0000C9568 /* MailboxDemo */,
				31C22F011DBF46F0000C9568 /* MailboxDemoTests */,
				31C22F0C1DBF46F0000C9568 /* MailboxDemoUITests */,
				31C22EEB1DBF46F0000C9568 /* Products */,
			);
			sourceTree = "<group>";
		};
		31C22EEB1DBF46F0000C9568 /* Products */ = {
			isa = PBXGroup;
			children = (
				31C22EEA1DBF46F0000C9568 /* MailboxDemo.app */,
				31C22EFE1DBF46F0000C9568 /* MailboxDemoTests.xctest */,
				31C22F091DBF46F0000C9568 /* MailboxDemoUITests.xctest */,
			);
			name = Products;
			sourceTree = "<group>";
		};
		31C22EEC1DBF46F0000C9568 /* MailboxDemo */ = {
			isa = PBXGroup;
			children = (
				31C22EED1DBF46F0000C9568 /* AppDelegate.swift */,
				31EE0EA81DC454C000F2E851 /* ViewControllers */,
				31C22EEF1DBF46F0000C9568 /* ViewController.swift */,
				31C22EF11DBF46F0000C9568 /* Main.storyboard */,
				31C22EF41DBF46F0000C9568 /* Assets.xcassets */,
				31C22EF61DBF46F0000C9568 /* LaunchScreen.storyboard */,
				31C22EF91DBF46F0000C9568 /* Info.plist */,
			);
			path = MailboxDemo;
			sourceTree = "<group>";
		};
		31C22F011DBF46F0000C9568 /* MailboxDemoTests */ = {
			isa = PBXGroup;
			children = (
				31C22F021DBF46F0000C9568 /* MailboxDemoTests.swift */,
				31C22F041DBF46F0000C9568 /* Info.plist */,
			);
			path = MailboxDemoTests;
			sourceTree = "<group>";
		};
		31C22F0C1DBF46F0000C9568 /* MailboxDemoUITests */ = {
			isa = PBXGroup;
			children = (
				31C22F0D1DBF46F0000C9568 /* MailboxDemoUITests.swift */,
				31C22F0F1DBF46F0000C9568 /* Info.plist */,
			);
			path = MailboxDemoUITests;
			sourceTree = "<group>";
		};
		31EE0EA81DC454C000F2E851 /* ViewControllers */ = {
			isa = PBXGroup;
			children = (
				31EE0EA91DC454D000F2E851 /* MailboxViewController.swift */,
			);
			name = ViewControllers;
			sourceTree = "<group>";
		};
/* End PBXGroup section */

/* Begin PBXNativeTarget section */
		31C22EE91DBF46F0000C9568 /* MailboxDemo */ = {
			isa = PBXNativeTarget;
			buildConfigurationList = 31C22F121DBF46F0000C9568 /* Build configuration list for PBXNativeTarget "MailboxDemo" */;
			buildPhases = (
				31C22EE61DBF46F0000C9568 /* Sources */,
				31C22EE71DBF46F0000C9568 /* Frameworks */,
				31C22EE81DBF46F0000C9568 /* Resources */,
			);
			buildRules = (
			);
			dependencies = (
			);
			name = MailboxDemo;
			productName = MailboxDemo;
			productReference = 31C22EEA1DBF46F0000C9568 /* MailboxDemo.app */;
			productType = "com.apple.product-type.application";
		};
		31C22EFD1DBF46F0000C9568 /* MailboxDemoTests */ = {
			isa = PBXNativeTarget;
			buildConfigurationList = 31C22F151DBF46F0000C9568 /* Build configuration list for PBXNativeTarget "MailboxDemoTests" */;
			buildPhases = (
				31C22EFA1DBF46F0000C9568 /* Sources */,
				31C22EFB1DBF46F0000C9568 /* Frameworks */,
				31C22EFC1DBF46F0000C9568 /* Resources */,
			);
			buildRules = (
			);
			dependencies = (
				31C22F001DBF46F0000C9568 /* PBXTargetDependency */,
			);
			name = MailboxDemoTests;
			productName = MailboxDemoTests;
			productReference = 31C22EFE1DBF46F0000C9568 /* MailboxDemoTests.xctest */;
			productType = "com.apple.product-type.bundle.unit-test";
		};
		31C22F081DBF46F0000C9568 /* MailboxDemoUITests */ = {
			isa = PBXNativeTarget;
			buildConfigurationList = 31C22F181DBF46F0000C9568 /* Build configuration list for PBXNativeTarget "MailboxDemoUITests" */;
			buildPhases = (
				31C22F051DBF46F0000C9568 /* Sources */,
				31C22F061DBF46F0000C9568 /* Frameworks */,
				31C22F071DBF46F0000C9568 /* Resources */,
			);
			buildRules = (
			);
			dependencies = (
				31C22F0B1DBF46F0000C9568 /* PBXTargetDependency */,
			);
			name = MailboxDemoUITests;
			productName = MailboxDemoUITests;
			productReference = 31C22F091DBF46F0000C9568 /* MailboxDemoUITests.xctest */;
			productType = "com.apple.product-type.bundle.ui-testing";
		};
/* End PBXNativeTarget section */

/* Begin PBXProject section */
		31C22EE21DBF46F0000C9568 /* Project object */ = {
			isa = PBXProject;
			attributes = {
				LastSwiftUpdateCheck = 0800;
				LastUpgradeCheck = 0800;
				ORGANIZATIONNAME = "Yang Yang";
				TargetAttributes = {
					31C22EE91DBF46F0000C9568 = {
						CreatedOnToolsVersion = 8.0;
						DevelopmentTeam = 4YWZZ939H4;
						ProvisioningStyle = Automatic;
					};
					31C22EFD1DBF46F0000C9568 = {
						CreatedOnToolsVersion = 8.0;
						DevelopmentTeam = 4YWZZ939H4;
						ProvisioningStyle = Automatic;
						TestTargetID = 31C22EE91DBF46F0000C9568;
					};
					31C22F081DBF46F0000C9568 = {
						CreatedOnToolsVersion = 8.0;
						DevelopmentTeam = 4YWZZ939H4;
						ProvisioningStyle = Automatic;
						TestTargetID = 31C22EE91DBF46F0000C9568;
					};
				};
			};
			buildConfigurationList = 31C22EE51DBF46F0000C9568 /* Build configuration list for PBXProject "MailboxDemo" */;
			compatibilityVersion = "Xcode 3.2";
			developmentRegion = English;
			hasScannedForEncodings = 0;
			knownRegions = (
				en,
				Base,
			);
			mainGroup = 31C22EE11DBF46F0000C9568;
			productRefGroup = 31C22EEB1DBF46F0000C9568 /* Products */;
			projectDirPath = "";
			projectRoot = "";
			targets = (
				31C22EE91DBF46F0000C9568 /* MailboxDemo */,
				31C22EFD1DBF46F0000C9568 /* MailboxDemoTests */,
				31C22F081DBF46F0000C9568 /* MailboxDemoUITests */,
			);
		};
/* End PBXProject section */

/* Begin PBXResourcesBuildPhase section */
		31C22EE81DBF46F0000C9568 /* Resources */ = {
			isa = PBXResourcesBuildPhase;
			buildActionMask = 2147483647;
			files = (
				31C22EF81DBF46F0000C9568 /* LaunchScreen.storyboard in Resources */,
				31C22EF51DBF46F0000C9568 /* Assets.xcassets in Resources */,
				31C22EF31DBF46F0000C9568 /* Main.storyboard in Resources */,
			);
			runOnlyForDeploymentPostprocessing = 0;
		};
		31C22EFC1DBF46F0000C9568 /* Resources */ = {
			isa = PBXResourcesBuildPhase;
			buildActionMask = 2147483647;
			files = (
			);
			runOnlyForDeploymentPostprocessing = 0;
		};
		31C22F071DBF46F0000C9568 /* Resources */ = {
			isa = PBXResourcesBuildPhase;
			buildActionMask = 2147483647;
			files = (
			);
			runOnlyForDeploymentPostprocessing = 0;
		};
/* End PBXResourcesBuildPhase section */

/* Begin PBXSourcesBuildPhase section */
		31C22EE61DBF46F0000C9568 /* Sources */ = {
			isa = PBXSourcesBuildPhase;
			buildActionMask = 2147483647;
			files = (
				31C22EF01DBF46F0000C9568 /* ViewController.swift in Sources */,
				31C22EEE1DBF46F0000C9568 /* AppDelegate.swift in Sources */,
				31EE0EAA1DC454D000F2E851 /* MailboxViewController.swift in Sources */,
			);
			runOnlyForDeploymentPostprocessing = 0;
		};
		31C22EFA1DBF46F0000C9568 /* Sources */ = {
			isa = PBXSourcesBuildPhase;
			buildActionMask = 2147483647;
			files = (
				31C22F031DBF46F0000C9568 /* MailboxDemoTests.swift in Sources */,
			);
			runOnlyForDeploymentPostprocessing = 0;
		};
		31C22F051DBF46F0000C9568 /* Sources */ = {
			isa = PBXSourcesBuildPhase;
			buildActionMask = 2147483647;
			files = (
				31C22F0E1DBF46F0000C9568 /* MailboxDemoUITests.swift in Sources */,
			);
			runOnlyForDeploymentPostprocessing = 0;
		};
/* End PBXSourcesBuildPhase section */

/* Begin PBXTargetDependency section */
		31C22F001DBF46F0000C9568 /* PBXTargetDependency */ = {
			isa = PBXTargetDependency;
			target = 31C22EE91DBF46F0000C9568 /* MailboxDemo */;
			targetProxy = 31C22EFF1DBF46F0000C9568 /* PBXContainerItemProxy */;
		};
		31C22F0B1DBF46F0000C9568 /* PBXTargetDependency */ = {
			isa = PBXTargetDependency;
			target = 31C22EE91DBF46F0000C9568 /* MailboxDemo */;
			targetProxy = 31C22F0A1DBF46F0000C9568 /* PBXContainerItemProxy */;
		};
/* End PBXTargetDependency section */

/* Begin PBXVariantGroup section */
		31C22EF11DBF46F0000C9568 /* Main.storyboard */ = {
			isa = PBXVariantGroup;
			children = (
				31C22EF21DBF46F0000C9568 /* Base */,
			);
			name = Main.storyboard;
			sourceTree = "<group>";
		};
		31C22EF61DBF46F0000C9568 /* LaunchScreen.storyboard */ = {
			isa = PBXVariantGroup;
			children = (
				31C22EF71DBF46F0000C9568 /* Base */,
			);
			name = LaunchScreen.storyboard;
			sourceTree = "<group>";
		};
/* End PBXVariantGroup section */

/* Begin XCBuildConfiguration section */
		31C22F101DBF46F0000C9568 /* Debug */ = {
			isa = XCBuildConfiguration;
			buildSettings = {
				ALWAYS_SEARCH_USER_PATHS = NO;
				CLANG_ANALYZER_NONNULL = YES;
				CLANG_CXX_LANGUAGE_STANDARD = "gnu++0x";
				CLANG_CXX_LIBRARY = "libc++";
				CLANG_ENABLE_MODULES = YES;
				CLANG_ENABLE_OBJC_ARC = YES;
				CLANG_WARN_BOOL_CONVERSION = YES;
				CLANG_WARN_CONSTANT_CONVERSION = YES;
				CLANG_WARN_DIRECT_OBJC_ISA_USAGE = YES_ERROR;
				CLANG_WARN_DOCUMENTATION_COMMENTS = YES;
				CLANG_WARN_EMPTY_BODY = YES;
				CLANG_WARN_ENUM_CONVERSION = YES;
				CLANG_WARN_INFINITE_RECURSION = YES;
				CLANG_WARN_INT_CONVERSION = YES;
				CLANG_WARN_OBJC_ROOT_CLASS = YES_ERROR;
				CLANG_WARN_SUSPICIOUS_MOVES = YES;
				CLANG_WARN_UNREACHABLE_CODE = YES;
				CLANG_WARN__DUPLICATE_METHOD_MATCH = YES;
				"CODE_SIGN_IDENTITY[sdk=iphoneos*]" = "iPhone Developer";
				COPY_PHASE_STRIP = NO;
				DEBUG_INFORMATION_FORMAT = dwarf;
				ENABLE_STRICT_OBJC_MSGSEND = YES;
				ENABLE_TESTABILITY = YES;
				GCC_C_LANGUAGE_STANDARD = gnu99;
				GCC_DYNAMIC_NO_PIC = NO;
				GCC_NO_COMMON_BLOCKS = YES;
				GCC_OPTIMIZATION_LEVEL = 0;
				GCC_PREPROCESSOR_DEFINITIONS = (
					"DEBUG=1",
					"$(inherited)",
				);
				GCC_WARN_64_TO_32_BIT_CONVERSION = YES;
				GCC_WARN_ABOUT_RETURN_TYPE = YES_ERROR;
				GCC_WARN_UNDECLARED_SELECTOR = YES;
				GCC_WARN_UNINITIALIZED_AUTOS = YES_AGGRESSIVE;
				GCC_WARN_UNUSED_FUNCTION = YES;
				GCC_WARN_UNUSED_VARIABLE = YES;
				IPHONEOS_DEPLOYMENT_TARGET = 10.0;
				MTL_ENABLE_DEBUG_INFO = YES;
				ONLY_ACTIVE_ARCH = YES;
				SDKROOT = iphoneos;
				SWIFT_ACTIVE_COMPILATION_CONDITIONS = DEBUG;
				SWIFT_OPTIMIZATION_LEVEL = "-Onone";
			};
			name = Debug;
		};
		31C22F111DBF46F0000C9568 /* Release */ = {
			isa = XCBuildConfiguration;
			buildSettings = {
				ALWAYS_SEARCH_USER_PATHS = NO;
				CLANG_ANALYZER_NONNULL = YES;
				CLANG_CXX_LANGUAGE_STANDARD = "gnu++0x";
				CLANG_CXX_LIBRARY = "libc++";
				CLANG_ENABLE_MODULES = YES;
				CLANG_ENABLE_OBJC_ARC = YES;
				CLANG_WARN_BOOL_CONVERSION = YES;
				CLANG_WARN_CONSTANT_CONVERSION = YES;
				CLANG_WARN_DIRECT_OBJC_ISA_USAGE = YES_ERROR;
				CLANG_WARN_DOCUMENTATION_COMMENTS = YES;
				CLANG_WARN_EMPTY_BODY = YES;
				CLANG_WARN_ENUM_CONVERSION = YES;
				CLANG_WARN_INFINITE_RECURSION = YES;
				CLANG_WARN_INT_CONVERSION = YES;
				CLANG_WARN_OBJC_ROOT_CLASS = YES_ERROR;
				CLANG_WARN_SUSPICIOUS_MOVES = YES;
				CLANG_WARN_UNREACHABLE_CODE = YES;
				CLANG_WARN__DUPLICATE_METHOD_MATCH = YES;
				"CODE_SIGN_IDENTITY[sdk=iphoneos*]" = "iPhone Developer";
				COPY_PHASE_STRIP = NO;
				DEBUG_INFORMATION_FORMAT = "dwarf-with-dsym";
				ENABLE_NS_ASSERTIONS = NO;
				ENABLE_STRICT_OBJC_MSGSEND = YES;
				GCC_C_LANGUAGE_STANDARD = gnu99;
				GCC_NO_COMMON_BLOCKS = YES;
				GCC_WARN_64_TO_32_BIT_CONVERSION = YES;
				GCC_WARN_ABOUT_RETURN_TYPE = YES_ERROR;
				GCC_WARN_UNDECLARED_SELECTOR = YES;
				GCC_WARN_UNINITIALIZED_AUTOS = YES_AGGRESSIVE;
				GCC_WARN_UNUSED_FUNCTION = YES;
				GCC_WARN_UNUSED_VARIABLE = YES;
				IPHONEOS_DEPLOYMENT_TARGET = 10.0;
				MTL_ENABLE_DEBUG_INFO = NO;
				SDKROOT = iphoneos;
				SWIFT_OPTIMIZATION_LEVEL = "-Owholemodule";
				VALIDATE_PRODUCT = YES;
			};
			name = Release;
		};
		31C22F131DBF46F0000C9568 /* Debug */ = {
			isa = XCBuildConfiguration;
			buildSettings = {
				ASSETCATALOG_COMPILER_APPICON_NAME = AppIcon;
				DEVELOPMENT_TEAM = 4YWZZ939H4;
				INFOPLIST_FILE = MailboxDemo/Info.plist;
				LD_RUNPATH_SEARCH_PATHS = "$(inherited) @executable_path/Frameworks";
				PRODUCT_BUNDLE_IDENTIFIER = com.codepath.MailboxDemo;
				PRODUCT_NAME = "$(TARGET_NAME)";
				SWIFT_VERSION = 3.0;
			};
			name = Debug;
		};
		31C22F141DBF46F0000C9568 /* Release */ = {
			isa = XCBuildConfiguration;
			buildSettings = {
				ASSETCATALOG_COMPILER_APPICON_NAME = AppIcon;
				DEVELOPMENT_TEAM = 4YWZZ939H4;
				INFOPLIST_FILE = MailboxDemo/Info.plist;
				LD_RUNPATH_SEARCH_PATHS = "$(inherited) @executable_path/Frameworks";
				PRODUCT_BUNDLE_IDENTIFIER = com.codepath.MailboxDemo;
				PRODUCT_NAME = "$(TARGET_NAME)";
				SWIFT_VERSION = 3.0;
			};
			name = Release;
		};
		31C22F161DBF46F0000C9568 /* Debug */ = {
			isa = XCBuildConfiguration;
			buildSettings = {
				ALWAYS_EMBED_SWIFT_STANDARD_LIBRARIES = YES;
				BUNDLE_LOADER = "$(TEST_HOST)";
				DEVELOPMENT_TEAM = 4YWZZ939H4;
				INFOPLIST_FILE = MailboxDemoTests/Info.plist;
				LD_RUNPATH_SEARCH_PATHS = "$(inherited) @executable_path/Frameworks @loader_path/Frameworks";
				PRODUCT_BUNDLE_IDENTIFIER = com.codepath.MailboxDemoTests;
				PRODUCT_NAME = "$(TARGET_NAME)";
				SWIFT_VERSION = 3.0;
				TEST_HOST = "$(BUILT_PRODUCTS_DIR)/MailboxDemo.app/MailboxDemo";
			};
			name = Debug;
		};
		31C22F171DBF46F0000C9568 /* Release */ = {
			isa = XCBuildConfiguration;
			buildSettings = {
				ALWAYS_EMBED_SWIFT_STANDARD_LIBRARIES = YES;
				BUNDLE_LOADER = "$(TEST_HOST)";
				DEVELOPMENT_TEAM = 4YWZZ939H4;
				INFOPLIST_FILE = MailboxDemoTests/Info.plist;
				LD_RUNPATH_SEARCH_PATHS = "$(inherited) @executable_path/Frameworks @loader_path/Frameworks";
				PRODUCT_BUNDLE_IDENTIFIER = com.codepath.MailboxDemoTests;
				PRODUCT_NAME = "$(TARGET_NAME)";
				SWIFT_VERSION = 3.0;
				TEST_HOST = "$(BUILT_PRODUCTS_DIR)/MailboxDemo.app/MailboxDemo";
			};
			name = Release;
		};
		31C22F191DBF46F0000C9568 /* Debug */ = {
			isa = XCBuildConfiguration;
			buildSettings = {
				ALWAYS_EMBED_SWIFT_STANDARD_LIBRARIES = YES;
				DEVELOPMENT_TEAM = 4YWZZ939H4;
				INFOPLIST_FILE = MailboxDemoUITests/Info.plist;
				LD_RUNPATH_SEARCH_PATHS = "$(inherited) @executable_path/Frameworks @loader_path/Frameworks";
				PRODUCT_BUNDLE_IDENTIFIER = com.codepath.MailboxDemoUITests;
				PRODUCT_NAME = "$(TARGET_NAME)";
				SWIFT_VERSION = 3.0;
				TEST_TARGET_NAME = MailboxDemo;
			};
			name = Debug;
		};
		31C22F1A1DBF46F0000C9568 /* Release */ = {
			isa = XCBuildConfiguration;
			buildSettings = {
				ALWAYS_EMBED_SWIFT_STANDARD_LIBRARIES = YES;
				DEVELOPMENT_TEAM = 4YWZZ939H4;
				INFOPLIST_FILE = MailboxDemoUITests/Info.plist;
				LD_RUNPATH_SEARCH_PATHS = "$(inherited) @executable_path/Frameworks @loader_path/Frameworks";
				PRODUCT_BUNDLE_IDENTIFIER = com.codepath.MailboxDemoUITests;
				PRODUCT_NAME = "$(TARGET_NAME)";
				SWIFT_VERSION = 3.0;
				TEST_TARGET_NAME = MailboxDemo;
			};
			name = Release;
		};
/* End XCBuildConfiguration section */

/* Begin XCConfigurationList section */
		31C22EE51DBF46F0000C9568 /* Build configuration list for PBXProject "MailboxDemo" */ = {
			isa = XCConfigurationList;
			buildConfigurations = (
				31C22F101DBF46F0000C9568 /* Debug */,
				31C22F111DBF46F0000C9568 /* Release */,
			);
			defaultConfigurationIsVisible = 0;
			defaultConfigurationName = Release;
		};
		31C22F121DBF46F0000C9568 /* Build configuration list for PBXNativeTarget "MailboxDemo" */ = {
			isa = XCConfigurationList;
			buildConfigurations = (
				31C22F131DBF46F0000C9568 /* Debug */,
				31C22F141DBF46F0000C9568 /* Release */,
			);
			defaultConfigurationIsVisible = 0;
			defaultConfigurationName = Release;
		};
		31C22F151DBF46F0000C9568 /* Build configuration list for PBXNativeTarget "MailboxDemoTests" */ = {
			isa = XCConfigurationList;
			buildConfigurations = (
				31C22F161DBF46F0000C9568 /* Debug */,
				31C22F171DBF46F0000C9568 /* Release */,
			);
			defaultConfigurationIsVisible = 0;
			defaultConfigurationName = Release;
		};
		31C22F181DBF46F0000C9568 /* Build configuration list for PBXNativeTarget "MailboxDemoUITests" */ = {
			isa = XCConfigurationList;
			buildConfigurations = (
				31C22F191DBF46F0000C9568 /* Debug */,
				31C22F1A1DBF46F0000C9568 /* Release */,
			);
			defaultConfigurationIsVisible = 0;
			defaultConfigurationName = Release;
		};
/* End XCConfigurationList section */
	};
	rootObject = 31C22EE21DBF46F0000C9568 /* Project object */;
}
