// !$*UTF8*$!
{
	archiveVersion = 1;
	classes = {
	};
	objectVersion = 46;
	objects = {

/* Begin PBXBuildFile section */
		315E891B1DC2EE28009C024C /* CanvasViewController.swift in Sources */ = {isa = PBXBuildFile; fileRef = 315E891A1DC2EE28009C024C /* CanvasViewController.swift */; };
		31C22F281DBF4825000C9568 /* AppDelegate.swift in Sources */ = {isa = PBXBuildFile; fileRef = 31C22F271DBF4825000C9568 /* AppDelegate.swift */; };
		31C22F2A1DBF4825000C9568 /* ViewController.swift in Sources */ = {isa = PBXBuildFile; fileRef = 31C22F291DBF4825000C9568 /* ViewController.swift */; };
		31C22F2D1DBF4825000C9568 /* Main.storyboard in Resources */ = {isa = PBXBuildFile; fileRef = 31C22F2B1DBF4825000C9568 /* Main.storyboard */; };
		31C22F2F1DBF4825000C9568 /* Assets.xcassets in Resources */ = {isa = PBXBuildFile; fileRef = 31C22F2E1DBF4825000C9568 /* Assets.xcassets */; };
		31C22F321DBF4825000C9568 /* LaunchScreen.storyboard in Resources */ = {isa = PBXBuildFile; fileRef = 31C22F301DBF4825000C9568 /* LaunchScreen.storyboard */; };
		31C22F3D1DBF4825000C9568 /* CanvasTests.swift in Sources */ = {isa = PBXBuildFile; fileRef = 31C22F3C1DBF4825000C9568 /* CanvasTests.swift */; };
		31C22F481DBF4825000C9568 /* CanvasUITests.swift in Sources */ = {isa = PBXBuildFile; fileRef = 31C22F471DBF4825000C9568 /* CanvasUITests.swift */; };
/* End PBXBuildFile section */

/* Begin PBXContainerItemProxy section */
		31C22F391DBF4825000C9568 /* PBXContainerItemProxy */ = {
			isa = PBXContainerItemProxy;
			containerPortal = 31C22F1C1DBF4825000C9568 /* Project object */;
			proxyType = 1;
			remoteGlobalIDString = 31C22F231DBF4825000C9568;
			remoteInfo = Canvas;
		};
		31C22F441DBF4825000C9568 /* PBXContainerItemProxy */ = {
			isa = PBXContainerItemProxy;
			containerPortal = 31C22F1C1DBF4825000C9568 /* Project object */;
			proxyType = 1;
			remoteGlobalIDString = 31C22F231DBF4825000C9568;
			remoteInfo = Canvas;
		};
/* End PBXContainerItemProxy section */

/* Begin PBXFileReference section */
		315E891A1DC2EE28009C024C /* CanvasViewController.swift */ = {isa = PBXFileReference; fileEncoding = 4; lastKnownFileType = sourcecode.swift; path = CanvasViewController.swift; sourceTree = "<group>"; };
		31C22F241DBF4825000C9568 /* Canvas.app */ = {isa = PBXFileReference; explicitFileType = wrapper.application; includeInIndex = 0; path = Canvas.app; sourceTree = BUILT_PRODUCTS_DIR; };
		31C22F271DBF4825000C9568 /* AppDelegate.swift */ = {isa = PBXFileReference; lastKnownFileType = sourcecode.swift; path = AppDelegate.swift; sourceTree = "<group>"; };
		31C22F291DBF4825000C9568 /* ViewController.swift */ = {isa = PBXFileReference; lastKnownFileType = sourcecode.swift; path = ViewController.swift; sourceTree = "<group>"; };
		31C22F2C1DBF4825000C9568 /* Base */ = {isa = PBXFileReference; lastKnownFileType = file.storyboard; name = Base; path = Base.lproj/Main.storyboard; sourceTree = "<group>"; };
		31C22F2E1DBF4825000C9568 /* Assets.xcassets */ = {isa = PBXFileReference; lastKnownFileType = folder.assetcatalog; path = Assets.xcassets; sourceTree = "<group>"; };
		31C22F311DBF4825000C9568 /* Base */ = {isa = PBXFileReference; lastKnownFileType = file.storyboard; name = Base; path = Base.lproj/LaunchScreen.storyboard; sourceTree = "<group>"; };
		31C22F331DBF4825000C9568 /* Info.plist */ = {isa = PBXFileReference; lastKnownFileType = text.plist.xml; path = Info.plist; sourceTree = "<group>"; };
		31C22F381DBF4825000C9568 /* CanvasTests.xctest */ = {isa = PBXFileReference; explicitFileType = wrapper.cfbundle; includeInIndex = 0; path = CanvasTests.xctest; sourceTree = BUILT_PRODUCTS_DIR; };
		31C22F3C1DBF4825000C9568 /* CanvasTests.swift */ = {isa = PBXFileReference; lastKnownFileType = sourcecode.swift; path = CanvasTests.swift; sourceTree = "<group>"; };
		31C22F3E1DBF4825000C9568 /* Info.plist */ = {isa = PBXFileReference; lastKnownFileType = text.plist.xml; path = Info.plist; sourceTree = "<group>"; };
		31C22F431DBF4825000C9568 /* CanvasUITests.xctest */ = {isa = PBXFileReference; explicitFileType = wrapper.cfbundle; includeInIndex = 0; path = CanvasUITests.xctest; sourceTree = BUILT_PRODUCTS_DIR; };
		31C22F471DBF4825000C9568 /* CanvasUITests.swift */ = {isa = PBXFileReference; lastKnownFileType = sourcecode.swift; path = CanvasUITests.swift; sourceTree = "<group>"; };
		31C22F491DBF4825000C9568 /* Info.plist */ = {isa = PBXFileReference; lastKnownFileType = text.plist.xml; path = Info.plist; sourceTree = "<group>"; };
/* End PBXFileReference section */

/* Begin PBXFrameworksBuildPhase section */
		31C22F211DBF4825000C9568 /* Frameworks */ = {
			isa = PBXFrameworksBuildPhase;
			buildActionMask = 2147483647;
			files = (
			);
			runOnlyForDeploymentPostprocessing = 0;
		};
		31C22F351DBF4825000C9568 /* Frameworks */ = {
			isa = PBXFrameworksBuildPhase;
			buildActionMask = 2147483647;
			files = (
			);
			runOnlyForDeploymentPostprocessing = 0;
		};
		31C22F401DBF4825000C9568 /* Frameworks */ = {
			isa = PBXFrameworksBuildPhase;
			buildActionMask = 2147483647;
			files = (
			);
			runOnlyForDeploymentPostprocessing = 0;
		};
/* End PBXFrameworksBuildPhase section */

/* Begin PBXGroup section */
		315E89191DC2EE12009C024C /* ViewControllers */ = {
			isa = PBXGroup;
			children = (
				315E891A1DC2EE28009C024C /* CanvasViewController.swift */,
			);
			name = ViewControllers;
			sourceTree = "<group>";
		};
		31C22F1B1DBF4825000C9568 = {
			isa = PBXGroup;
			children = (
				31C22F261DBF4825000C9568 /* Canvas */,
				31C22F3B1DBF4825000C9568 /* CanvasTests */,
				31C22F461DBF4825000C9568 /* CanvasUITests */,
				31C22F251DBF4825000C9568 /* Products */,
			);
			sourceTree = "<group>";
		};
		31C22F251DBF4825000C9568 /* Products */ = {
			isa = PBXGroup;
			children = (
				31C22F241DBF4825000C9568 /* Canvas.app */,
				31C22F381DBF4825000C9568 /* CanvasTests.xctest */,
				31C22F431DBF4825000C9568 /* CanvasUITests.xctest */,
			);
			name = Products;
			sourceTree = "<group>";
		};
		31C22F261DBF4825000C9568 /* Canvas */ = {
			isa = PBXGroup;
			children = (
				31C22F271DBF4825000C9568 /* AppDelegate.swift */,
				31C22F291DBF4825000C9568 /* ViewController.swift */,
				315E89191DC2EE12009C024C /* ViewControllers */,
				31C22F2B1DBF4825000C9568 /* Main.storyboard */,
				31C22F2E1DBF4825000C9568 /* Assets.xcassets */,
				31C22F301DBF4825000C9568 /* LaunchScreen.storyboard */,
				31C22F331DBF4825000C9568 /* Info.plist */,
			);
			path = Canvas;
			sourceTree = "<group>";
		};
		31C22F3B1DBF4825000C9568 /* CanvasTests */ = {
			isa = PBXGroup;
			children = (
				31C22F3C1DBF4825000C9568 /* CanvasTests.swift */,
				31C22F3E1DBF4825000C9568 /* Info.plist */,
			);
			path = CanvasTests;
			sourceTree = "<group>";
		};
		31C22F461DBF4825000C9568 /* CanvasUITests */ = {
			isa = PBXGroup;
			children = (
				31C22F471DBF4825000C9568 /* CanvasUITests.swift */,
				31C22F491DBF4825000C9568 /* Info.plist */,
			);
			path = CanvasUITests;
			sourceTree = "<group>";
		};
/* End PBXGroup section */

/* Begin PBXNativeTarget section */
		31C22F231DBF4825000C9568 /* Canvas */ = {
			isa = PBXNativeTarget;
			buildConfigurationList = 31C22F4C1DBF4825000C9568 /* Build configuration list for PBXNativeTarget "Canvas" */;
			buildPhases = (
				31C22F201DBF4825000C9568 /* Sources */,
				31C22F211DBF4825000C9568 /* Frameworks */,
				31C22F221DBF4825000C9568 /* Resources */,
			);
			buildRules = (
			);
			dependencies = (
			);
			name = Canvas;
			productName = Canvas;
			productReference = 31C22F241DBF4825000C9568 /* Canvas.app */;
			productType = "com.apple.product-type.application";
		};
		31C22F371DBF4825000C9568 /* CanvasTests */ = {
			isa = PBXNativeTarget;
			buildConfigurationList = 31C22F4F1DBF4825000C9568 /* Build configuration list for PBXNativeTarget "CanvasTests" */;
			buildPhases = (
				31C22F341DBF4825000C9568 /* Sources */,
				31C22F351DBF4825000C9568 /* Frameworks */,
				31C22F361DBF4825000C9568 /* Resources */,
			);
			buildRules = (
			);
			dependencies = (
				31C22F3A1DBF4825000C9568 /* PBXTargetDependency */,
			);
			name = CanvasTests;
			productName = CanvasTests;
			productReference = 31C22F381DBF4825000C9568 /* CanvasTests.xctest */;
			productType = "com.apple.product-type.bundle.unit-test";
		};
		31C22F421DBF4825000C9568 /* CanvasUITests */ = {
			isa = PBXNativeTarget;
			buildConfigurationList = 31C22F521DBF4825000C9568 /* Build configuration list for PBXNativeTarget "CanvasUITests" */;
			buildPhases = (
				31C22F3F1DBF4825000C9568 /* Sources */,
				31C22F401DBF4825000C9568 /* Frameworks */,
				31C22F411DBF4825000C9568 /* Resources */,
			);
			buildRules = (
			);
			dependencies = (
				31C22F451DBF4825000C9568 /* PBXTargetDependency */,
			);
			name = CanvasUITests;
			productName = CanvasUITests;
			productReference = 31C22F431DBF4825000C9568 /* CanvasUITests.xctest */;
			productType = "com.apple.product-type.bundle.ui-testing";
		};
/* End PBXNativeTarget section */

/* Begin PBXProject section */
		31C22F1C1DBF4825000C9568 /* Project object */ = {
			isa = PBXProject;
			attributes = {
				LastSwiftUpdateCheck = 0800;
				LastUpgradeCheck = 0800;
				ORGANIZATIONNAME = "Yang Yang";
				TargetAttributes = {
					31C22F231DBF4825000C9568 = {
						CreatedOnToolsVersion = 8.0;
						DevelopmentTeam = 4YWZZ939H4;
						ProvisioningStyle = Automatic;
					};
					31C22F371DBF4825000C9568 = {
						CreatedOnToolsVersion = 8.0;
						DevelopmentTeam = 4YWZZ939H4;
						ProvisioningStyle = Automatic;
						TestTargetID = 31C22F231DBF4825000C9568;
					};
					31C22F421DBF4825000C9568 = {
						CreatedOnToolsVersion = 8.0;
						DevelopmentTeam = 4YWZZ939H4;
						ProvisioningStyle = Automatic;
						TestTargetID = 31C22F231DBF4825000C9568;
					};
				};
			};
			buildConfigurationList = 31C22F1F1DBF4825000C9568 /* Build configuration list for PBXProject "Canvas" */;
			compatibilityVersion = "Xcode 3.2";
			developmentRegion = English;
			hasScannedForEncodings = 0;
			knownRegions = (
				en,
				Base,
			);
			mainGroup = 31C22F1B1DBF4825000C9568;
			productRefGroup = 31C22F251DBF4825000C9568 /* Products */;
			projectDirPath = "";
			projectRoot = "";
			targets = (
				31C22F231DBF4825000C9568 /* Canvas */,
				31C22F371DBF4825000C9568 /* CanvasTests */,
				31C22F421DBF4825000C9568 /* CanvasUITests */,
			);
		};
/* End PBXProject section */

/* Begin PBXResourcesBuildPhase section */
		31C22F221DBF4825000C9568 /* Resources */ = {
			isa = PBXResourcesBuildPhase;
			buildActionMask = 2147483647;
			files = (
				31C22F321DBF4825000C9568 /* LaunchScreen.storyboard in Resources */,
				31C22F2F1DBF4825000C9568 /* Assets.xcassets in Resources */,
				31C22F2D1DBF4825000C9568 /* Main.storyboard in Resources */,
			);
			runOnlyForDeploymentPostprocessing = 0;
		};
		31C22F361DBF4825000C9568 /* Resources */ = {
			isa = PBXResourcesBuildPhase;
			buildActionMask = 2147483647;
			files = (
			);
			runOnlyForDeploymentPostprocessing = 0;
		};
		31C22F411DBF4825000C9568 /* Resources */ = {
			isa = PBXResourcesBuildPhase;
			buildActionMask = 2147483647;
			files = (
			);
			runOnlyForDeploymentPostprocessing = 0;
		};
/* End PBXResourcesBuildPhase section */

/* Begin PBXSourcesBuildPhase section */
		31C22F201DBF4825000C9568 /* Sources */ = {
			isa = PBXSourcesBuildPhase;
			buildActionMask = 2147483647;
			files = (
				31C22F2A1DBF4825000C9568 /* ViewController.swift in Sources */,
				315E891B1DC2EE28009C024C /* CanvasViewController.swift in Sources */,
				31C22F281DBF4825000C9568 /* AppDelegate.swift in Sources */,
			);
			runOnlyForDeploymentPostprocessing = 0;
		};
		31C22F341DBF4825000C9568 /* Sources */ = {
			isa = PBXSourcesBuildPhase;
			buildActionMask = 2147483647;
			files = (
				31C22F3D1DBF4825000C9568 /* CanvasTests.swift in Sources */,
			);
			runOnlyForDeploymentPostprocessing = 0;
		};
		31C22F3F1DBF4825000C9568 /* Sources */ = {
			isa = PBXSourcesBuildPhase;
			buildActionMask = 2147483647;
			files = (
				31C22F481DBF4825000C9568 /* CanvasUITests.swift in Sources */,
			);
			runOnlyForDeploymentPostprocessing = 0;
		};
/* End PBXSourcesBuildPhase section */

/* Begin PBXTargetDependency section */
		31C22F3A1DBF4825000C9568 /* PBXTargetDependency */ = {
			isa = PBXTargetDependency;
			target = 31C22F231DBF4825000C9568 /* Canvas */;
			targetProxy = 31C22F391DBF4825000C9568 /* PBXContainerItemProxy */;
		};
		31C22F451DBF4825000C9568 /* PBXTargetDependency */ = {
			isa = PBXTargetDependency;
			target = 31C22F231DBF4825000C9568 /* Canvas */;
			targetProxy = 31C22F441DBF4825000C9568 /* PBXContainerItemProxy */;
		};
/* End PBXTargetDependency section */

/* Begin PBXVariantGroup section */
		31C22F2B1DBF4825000C9568 /* Main.storyboard */ = {
			isa = PBXVariantGroup;
			children = (
				31C22F2C1DBF4825000C9568 /* Base */,
			);
			name = Main.storyboard;
			sourceTree = "<group>";
		};
		31C22F301DBF4825000C9568 /* LaunchScreen.storyboard */ = {
			isa = PBXVariantGroup;
			children = (
				31C22F311DBF4825000C9568 /* Base */,
			);
			name = LaunchScreen.storyboard;
			sourceTree = "<group>";
		};
/* End PBXVariantGroup section */

/* Begin XCBuildConfiguration section */
		31C22F4A1DBF4825000C9568 /* Debug */ = {
			isa = XCBuildConfiguration;
			buildSettings = {
				ALWAYS_SEARCH_USER_PATHS = NO;
				CLANG_ANALYZER_NONNULL = YES;
				CLANG_CXX_LANGUAGE_STANDARD = "gnu++0x";
				CLANG_CXX_LIBRARY = "libc++";
				CLANG_ENABLE_MODULES = YES;
				CLANG_ENABLE_OBJC_ARC = YES;
				CLANG_WARN_BOOL_CONVERSION = YES;
				CLANG_WARN_CONSTANT_CONVERSION = YES;
				CLANG_WARN_DIRECT_OBJC_ISA_USAGE = YES_ERROR;
				CLANG_WARN_DOCUMENTATION_COMMENTS = YES;
				CLANG_WARN_EMPTY_BODY = YES;
				CLANG_WARN_ENUM_CONVERSION = YES;
				CLANG_WARN_INFINITE_RECURSION = YES;
				CLANG_WARN_INT_CONVERSION = YES;
				CLANG_WARN_OBJC_ROOT_CLASS = YES_ERROR;
				CLANG_WARN_SUSPICIOUS_MOVES = YES;
				CLANG_WARN_UNREACHABLE_CODE = YES;
				CLANG_WARN__DUPLICATE_METHOD_MATCH = YES;
				"CODE_SIGN_IDENTITY[sdk=iphoneos*]" = "iPhone Developer";
				COPY_PHASE_STRIP = NO;
				DEBUG_INFORMATION_FORMAT = dwarf;
				ENABLE_STRICT_OBJC_MSGSEND = YES;
				ENABLE_TESTABILITY = YES;
				GCC_C_LANGUAGE_STANDARD = gnu99;
				GCC_DYNAMIC_NO_PIC = NO;
				GCC_NO_COMMON_BLOCKS = YES;
				GCC_OPTIMIZATION_LEVEL = 0;
				GCC_PREPROCESSOR_DEFINITIONS = (
					"DEBUG=1",
					"$(inherited)",
				);
				GCC_WARN_64_TO_32_BIT_CONVERSION = YES;
				GCC_WARN_ABOUT_RETURN_TYPE = YES_ERROR;
				GCC_WARN_UNDECLARED_SELECTOR = YES;
				GCC_WARN_UNINITIALIZED_AUTOS = YES_AGGRESSIVE;
				GCC_WARN_UNUSED_FUNCTION = YES;
				GCC_WARN_UNUSED_VARIABLE = YES;
				IPHONEOS_DEPLOYMENT_TARGET = 10.0;
				MTL_ENABLE_DEBUG_INFO = YES;
				ONLY_ACTIVE_ARCH = YES;
				SDKROOT = iphoneos;
				SWIFT_ACTIVE_COMPILATION_CONDITIONS = DEBUG;
				SWIFT_OPTIMIZATION_LEVEL = "-Onone";
			};
			name = Debug;
		};
		31C22F4B1DBF4825000C9568 /* Release */ = {
			isa = XCBuildConfiguration;
			buildSettings = {
				ALWAYS_SEARCH_USER_PATHS = NO;
				CLANG_ANALYZER_NONNULL = YES;
				CLANG_CXX_LANGUAGE_STANDARD = "gnu++0x";
				CLANG_CXX_LIBRARY = "libc++";
				CLANG_ENABLE_MODULES = YES;
				CLANG_ENABLE_OBJC_ARC = YES;
				CLANG_WARN_BOOL_CONVERSION = YES;
				CLANG_WARN_CONSTANT_CONVERSION = YES;
				CLANG_WARN_DIRECT_OBJC_ISA_USAGE = YES_ERROR;
				CLANG_WARN_DOCUMENTATION_COMMENTS = YES;
				CLANG_WARN_EMPTY_BODY = YES;
				CLANG_WARN_ENUM_CONVERSION = YES;
				CLANG_WARN_INFINITE_RECURSION = YES;
				CLANG_WARN_INT_CONVERSION = YES;
				CLANG_WARN_OBJC_ROOT_CLASS = YES_ERROR;
				CLANG_WARN_SUSPICIOUS_MOVES = YES;
				CLANG_WARN_UNREACHABLE_CODE = YES;
				CLANG_WARN__DUPLICATE_METHOD_MATCH = YES;
				"CODE_SIGN_IDENTITY[sdk=iphoneos*]" = "iPhone Developer";
				COPY_PHASE_STRIP = NO;
				DEBUG_INFORMATION_FORMAT = "dwarf-with-dsym";
				ENABLE_NS_ASSERTIONS = NO;
				ENABLE_STRICT_OBJC_MSGSEND = YES;
				GCC_C_LANGUAGE_STANDARD = gnu99;
				GCC_NO_COMMON_BLOCKS = YES;
				GCC_WARN_64_TO_32_BIT_CONVERSION = YES;
				GCC_WARN_ABOUT_RETURN_TYPE = YES_ERROR;
				GCC_WARN_UNDECLARED_SELECTOR = YES;
				GCC_WARN_UNINITIALIZED_AUTOS = YES_AGGRESSIVE;
				GCC_WARN_UNUSED_FUNCTION = YES;
				GCC_WARN_UNUSED_VARIABLE = YES;
				IPHONEOS_DEPLOYMENT_TARGET = 10.0;
				MTL_ENABLE_DEBUG_INFO = NO;
				SDKROOT = iphoneos;
				SWIFT_OPTIMIZATION_LEVEL = "-Owholemodule";
				VALIDATE_PRODUCT = YES;
			};
			name = Release;
		};
		31C22F4D1DBF4825000C9568 /* Debug */ = {
			isa = XCBuildConfiguration;
			buildSettings = {
				ASSETCATALOG_COMPILER_APPICON_NAME = AppIcon;
				DEVELOPMENT_TEAM = 4YWZZ939H4;
				INFOPLIST_FILE = Canvas/Info.plist;
				LD_RUNPATH_SEARCH_PATHS = "$(inherited) @executable_path/Frameworks";
				PRODUCT_BUNDLE_IDENTIFIER = com.codepath.Canvas;
				PRODUCT_NAME = "$(TARGET_NAME)";
				SWIFT_VERSION = 3.0;
			};
			name = Debug;
		};
		31C22F4E1DBF4825000C9568 /* Release */ = {
			isa = XCBuildConfiguration;
			buildSettings = {
				ASSETCATALOG_COMPILER_APPICON_NAME = AppIcon;
				DEVELOPMENT_TEAM = 4YWZZ939H4;
				INFOPLIST_FILE = Canvas/Info.plist;
				LD_RUNPATH_SEARCH_PATHS = "$(inherited) @executable_path/Frameworks";
				PRODUCT_BUNDLE_IDENTIFIER = com.codepath.Canvas;
				PRODUCT_NAME = "$(TARGET_NAME)";
				SWIFT_VERSION = 3.0;
			};
			name = Release;
		};
		31C22F501DBF4825000C9568 /* Debug */ = {
			isa = XCBuildConfiguration;
			buildSettings = {
				ALWAYS_EMBED_SWIFT_STANDARD_LIBRARIES = YES;
				BUNDLE_LOADER = "$(TEST_HOST)";
				DEVELOPMENT_TEAM = 4YWZZ939H4;
				INFOPLIST_FILE = CanvasTests/Info.plist;
				LD_RUNPATH_SEARCH_PATHS = "$(inherited) @executable_path/Frameworks @loader_path/Frameworks";
				PRODUCT_BUNDLE_IDENTIFIER = com.codepath.CanvasTests;
				PRODUCT_NAME = "$(TARGET_NAME)";
				SWIFT_VERSION = 3.0;
				TEST_HOST = "$(BUILT_PRODUCTS_DIR)/Canvas.app/Canvas";
			};
			name = Debug;
		};
		31C22F511DBF4825000C9568 /* Release */ = {
			isa = XCBuildConfiguration;
			buildSettings = {
				ALWAYS_EMBED_SWIFT_STANDARD_LIBRARIES = YES;
				BUNDLE_LOADER = "$(TEST_HOST)";
				DEVELOPMENT_TEAM = 4YWZZ939H4;
				INFOPLIST_FILE = CanvasTests/Info.plist;
				LD_RUNPATH_SEARCH_PATHS = "$(inherited) @executable_path/Frameworks @loader_path/Frameworks";
				PRODUCT_BUNDLE_IDENTIFIER = com.codepath.CanvasTests;
				PRODUCT_NAME = "$(TARGET_NAME)";
				SWIFT_VERSION = 3.0;
				TEST_HOST = "$(BUILT_PRODUCTS_DIR)/Canvas.app/Canvas";
			};
			name = Release;
		};
		31C22F531DBF4825000C9568 /* Debug */ = {
			isa = XCBuildConfiguration;
			buildSettings = {
				ALWAYS_EMBED_SWIFT_STANDARD_LIBRARIES = YES;
				DEVELOPMENT_TEAM = 4YWZZ939H4;
				INFOPLIST_FILE = CanvasUITests/Info.plist;
				LD_RUNPATH_SEARCH_PATHS = "$(inherited) @executable_path/Frameworks @loader_path/Frameworks";
				PRODUCT_BUNDLE_IDENTIFIER = com.codepath.CanvasUITests;
				PRODUCT_NAME = "$(TARGET_NAME)";
				SWIFT_VERSION = 3.0;
				TEST_TARGET_NAME = Canvas;
			};
			name = Debug;
		};
		31C22F541DBF4825000C9568 /* Release */ = {
			isa = XCBuildConfiguration;
			buildSettings = {
				ALWAYS_EMBED_SWIFT_STANDARD_LIBRARIES = YES;
				DEVELOPMENT_TEAM = 4YWZZ939H4;
				INFOPLIST_FILE = CanvasUITests/Info.plist;
				LD_RUNPATH_SEARCH_PATHS = "$(inherited) @executable_path/Frameworks @loader_path/Frameworks";
				PRODUCT_BUNDLE_IDENTIFIER = com.codepath.CanvasUITests;
				PRODUCT_NAME = "$(TARGET_NAME)";
				SWIFT_VERSION = 3.0;
				TEST_TARGET_NAME = Canvas;
			};
			name = Release;
		};
/* End XCBuildConfiguration section */

/* Begin XCConfigurationList section */
		31C22F1F1DBF4825000C9568 /* Build configuration list for PBXProject "Canvas" */ = {
			isa = XCConfigurationList;
			buildConfigurations = (
				31C22F4A1DBF4825000C9568 /* Debug */,
				31C22F4B1DBF4825000C9568 /* Release */,
			);
			defaultConfigurationIsVisible = 0;
			defaultConfigurationName = Release;
		};
		31C22F4C1DBF4825000C9568 /* Build configuration list for PBXNativeTarget "Canvas" */ = {
			isa = XCConfigurationList;
			buildConfigurations = (
				31C22F4D1DBF4825000C9568 /* Debug */,
				31C22F4E1DBF4825000C9568 /* Release */,
			);
			defaultConfigurationIsVisible = 0;
			defaultConfigurationName = Release;
		};
		31C22F4F1DBF4825000C9568 /* Build configuration list for PBXNativeTarget "CanvasTests" */ = {
			isa = XCConfigurationList;
			buildConfigurations = (
				31C22F501DBF4825000C9568 /* Debug */,
				31C22F511DBF4825000C9568 /* Release */,
			);
			defaultConfigurationIsVisible = 0;
			defaultConfigurationName = Release;
		};
		31C22F521DBF4825000C9568 /* Build configuration list for PBXNativeTarget "CanvasUITests" */ = {
			isa = XCConfigurationList;
			buildConfigurations = (
				31C22F531DBF4825000C9568 /* Debug */,
				31C22F541DBF4825000C9568 /* Release */,
			);
			defaultConfigurationIsVisible = 0;
			defaultConfigurationName = Release;
		};
/* End XCConfigurationList section */
	};
	rootObject = 31C22F1C1DBF4825000C9568 /* Project object */;
}
